<?xml version="1.0" encoding="utf-8"?>
<Project ToolsVersion="4.0" xmlns="http://schemas.microsoft.com/developer/msbuild/2003">
  <ItemGroup>
    <ClCompile Include="..\Source\Core\Windows\PlatformWindows.cpp">
      <Filter>Core</Filter>
    </ClCompile>
    <ClCompile Include="..\Source\Core\Windows\Main.cpp">
      <Filter>Core</Filter>
    </ClCompile>
    <ClCompile Include="..\Source\Core\Windows\Timer.cpp">
      <Filter>Core</Filter>
    </ClCompile>
    <ClCompile Include="..\Source\Core\File.cpp">
      <Filter>Core</Filter>
    </ClCompile>
    <ClCompile Include="..\Source\Core\MemoryBuffer.cpp">
      <Filter>Core</Filter>
    </ClCompile>
    <ClCompile Include="..\Source\Scene\BundleSceneImporter.cpp">
      <Filter>Scene</Filter>
    </ClCompile>
    <ClCompile Include="..\Source\Scene\SceneNode.cpp">
      <Filter>Scene</Filter>
    </ClCompile>
    <ClCompile Include="..\Source\Scene\SceneCamera.cpp">
      <Filter>Scene</Filter>
    </ClCompile>
    <ClCompile Include="..\Source\Core\Kernel.cpp">
      <Filter>Core</Filter>
    </ClCompile>
    <ClCompile Include="..\Source\Core\Windows\InputSystem\GamepadDevice.cpp">
      <Filter>Core\InputSystem</Filter>
    </ClCompile>
    <ClCompile Include="..\Source\Core\Windows\InputSystem\InputDevice.cpp">
      <Filter>Core\InputSystem</Filter>
    </ClCompile>
    <ClCompile Include="..\Source\Core\Windows\InputSystem\InputManager.cpp">
      <Filter>Core\InputSystem</Filter>
    </ClCompile>
    <ClCompile Include="..\Source\Core\Windows\InputSystem\KeyBoardDevice.cpp">
      <Filter>Core\InputSystem</Filter>
    </ClCompile>
    <ClCompile Include="..\Source\Core\Windows\InputSystem\MouseDevice.cpp">
      <Filter>Core\InputSystem</Filter>
    </ClCompile>
    <ClCompile Include="..\Source\Core\Windows\InputSystem\SofeMouseDevice.cpp">
      <Filter>Core\InputSystem</Filter>
    </ClCompile>
    <ClCompile Include="..\Source\Core\Windows\InputSystem\XInputDevice.cpp">
      <Filter>Core\InputSystem</Filter>
    </ClCompile>
    <ClCompile Include="..\Source\Render\Renderer\D3D11\D3D11BlendState.cpp">
      <Filter>Render\Renderer\D3D11</Filter>
    </ClCompile>
    <ClCompile Include="..\Source\Render\Renderer\D3D11\D3D11ConstantBuffer.cpp">
      <Filter>Render\Renderer\D3D11</Filter>
    </ClCompile>
    <ClCompile Include="..\Source\Render\Renderer\D3D11\D3D11DepthStencilState.cpp">
      <Filter>Render\Renderer\D3D11</Filter>
    </ClCompile>
    <ClCompile Include="..\Source\Render\Renderer\D3D11\D3D11FrameBuffer.cpp">
      <Filter>Render\Renderer\D3D11</Filter>
    </ClCompile>
    <ClCompile Include="..\Source\Render\Renderer\D3D11\D3D11RasterizerState.cpp">
      <Filter>Render\Renderer\D3D11</Filter>
    </ClCompile>
    <ClCompile Include="..\Source\Render\Renderer\D3D11\D3D11Renderer.cpp">
      <Filter>Render\Renderer\D3D11</Filter>
    </ClCompile>
    <ClCompile Include="..\Source\Render\Renderer\D3D11\D3D11RenderLayout.cpp">
      <Filter>Render\Renderer\D3D11</Filter>
    </ClCompile>
    <ClCompile Include="..\Source\Render\Renderer\D3D11\D3D11ShaderProgram.cpp">
      <Filter>Render\Renderer\D3D11</Filter>
    </ClCompile>
    <ClCompile Include="..\Source\Render\Renderer\D3D11\D3D11Texture.cpp">
      <Filter>Render\Renderer\D3D11</Filter>
    </ClCompile>
    <ClCompile Include="..\Source\Core\Image.cpp">
      <Filter>Core</Filter>
    </ClCompile>
    <ClCompile Include="..\Source\Render\Renderer\Renderer.cpp">
      <Filter>Render\Renderer</Filter>
    </ClCompile>
    <ClCompile Include="..\Source\Render\Renderer\D3D11\D3D11SamplerState.cpp">
      <Filter>Render\Renderer\D3D11</Filter>
    </ClCompile>
    <ClCompile Include="..\Source\Render\RenderMgr.cpp">
      <Filter>Render</Filter>
    </ClCompile>
    <ClCompile Include="..\Source\Render\Effect\D3D11\D3D11EffectLoader.cpp">
      <Filter>Render\Effect\D3D11</Filter>
    </ClCompile>
    <ClCompile Include="..\Source\Render\Effect\D3D11\D3D11RenderBlock.cpp">
      <Filter>Render\Effect\D3D11</Filter>
    </ClCompile>
    <ClCompile Include="..\Source\Render\Effect\D3D11\D3D11RenderPass.cpp">
      <Filter>Render\Effect\D3D11</Filter>
    </ClCompile>
    <ClCompile Include="..\Source\Render\Effect\D3D11\D3D11RenderTechnique.cpp">
      <Filter>Render\Effect\D3D11</Filter>
    </ClCompile>
    <ClCompile Include="..\Source\Render\Material.cpp">
      <Filter>Render</Filter>
    </ClCompile>
    <ClCompile Include="..\Source\Render\Mesh.cpp">
      <Filter>Render</Filter>
    </ClCompile>
    <ClCompile Include="..\Source\Render\Model.cpp">
      <Filter>Render</Filter>
    </ClCompile>
    <ClCompile Include="..\Source\Core\Font.cpp">
      <Filter>Core</Filter>
    </ClCompile>
    <ClCompile Include="..\Source\Core\XmlNode.cpp">
      <Filter>Core</Filter>
    </ClCompile>
    <ClCompile Include="..\Source\Core\XmlDocument.cpp">
      <Filter>Core</Filter>
    </ClCompile>
    <ClCompile Include="..\Source\Core\XmlAttribute.cpp">
      <Filter>Core</Filter>
    </ClCompile>
  </ItemGroup>
  <ItemGroup>
    <ClInclude Include="..\Source\TypesDef.h" />
    <ClInclude Include="..\Source\CompileConfig.h" />
    <ClInclude Include="..\Source\Pharos.h" />
    <ClInclude Include="..\Source\PreCompile.h" />
    <ClInclude Include="..\Source\Core\Windows\PlatformWindows.h">
      <Filter>Core</Filter>
    </ClInclude>
    <ClInclude Include="..\Source\Math\AABBox3D.h">
      <Filter>Math</Filter>
    </ClInclude>
    <ClInclude Include="..\Source\Math\Color.h">
      <Filter>Math</Filter>
    </ClInclude>
    <ClInclude Include="..\Source\Math\Common.h">
      <Filter>Math</Filter>
    </ClInclude>
    <ClInclude Include="..\Source\Math\DualQuaternion.h">
      <Filter>Math</Filter>
    </ClInclude>
    <ClInclude Include="..\Source\Math\Frustum.h">
      <Filter>Math</Filter>
    </ClInclude>
    <ClInclude Include="..\Source\Math\Geometry.h">
      <Filter>Math</Filter>
    </ClInclude>
    <ClInclude Include="..\Source\Math\Line2D.h">
      <Filter>Math</Filter>
    </ClInclude>
    <ClInclude Include="..\Source\Math\Line3D.h">
      <Filter>Math</Filter>
    </ClInclude>
    <ClInclude Include="..\Source\Math\Matrix4.h">
      <Filter>Math</Filter>
    </ClInclude>
    <ClInclude Include="..\Source\Math\Plane3D.h">
      <Filter>Math</Filter>
    </ClInclude>
    <ClInclude Include="..\Source\Math\Point2D.h">
      <Filter>Math</Filter>
    </ClInclude>
    <ClInclude Include="..\Source\Math\Quaternion.h">
      <Filter>Math</Filter>
    </ClInclude>
    <ClInclude Include="..\Source\Math\Rect2D.h">
      <Filter>Math</Filter>
    </ClInclude>
    <ClInclude Include="..\Source\Math\Size2D.h">
      <Filter>Math</Filter>
    </ClInclude>
    <ClInclude Include="..\Source\Math\Triangle3D.h">
      <Filter>Math</Filter>
    </ClInclude>
    <ClInclude Include="..\Source\Math\Vector2D.h">
      <Filter>Math</Filter>
    </ClInclude>
    <ClInclude Include="..\Source\Math\Vector3D.h">
      <Filter>Math</Filter>
    </ClInclude>
    <ClInclude Include="..\Source\Math\Vector4D.h">
      <Filter>Math</Filter>
    </ClInclude>
    <ClInclude Include="..\Source\Core\Windows\Timer.h">
      <Filter>Core</Filter>
    </ClInclude>
    <ClInclude Include="..\Source\Core\CoreGlobal.h">
      <Filter>Core</Filter>
    </ClInclude>
    <ClInclude Include="..\Source\Core\File.h">
      <Filter>Core</Filter>
    </ClInclude>
    <ClInclude Include="..\Source\Scene\SceneGlobal.h">
      <Filter>Scene</Filter>
    </ClInclude>
    <ClInclude Include="..\Source\Core\MemoryBuffer.h">
      <Filter>Core</Filter>
    </ClInclude>
    <ClInclude Include="..\Source\Scene\BundleSceneImporter.h">
      <Filter>Scene</Filter>
    </ClInclude>
    <ClInclude Include="..\Source\Utils\Factory.h">
      <Filter>Utils</Filter>
    </ClInclude>
    <ClInclude Include="..\Source\Utils\Path.h">
      <Filter>Utils</Filter>
    </ClInclude>
    <ClInclude Include="..\Source\Utils\Singleton.h">
      <Filter>Utils</Filter>
    </ClInclude>
    <ClInclude Include="..\Source\Utils\Thread.h">
      <Filter>Utils</Filter>
    </ClInclude>
    <ClInclude Include="..\Source\Utils\Util.h">
      <Filter>Utils</Filter>
    </ClInclude>
    <ClInclude Include="..\Source\Scene\SceneNode.h">
      <Filter>Scene</Filter>
    </ClInclude>
    <ClInclude Include="..\Source\Render\RenderGlobal.h">
      <Filter>Render</Filter>
    </ClInclude>
    <ClInclude Include="..\Source\Scene\SceneCamera.h">
      <Filter>Scene</Filter>
    </ClInclude>
    <ClInclude Include="..\Source\Core\IApplication.h">
      <Filter>Core</Filter>
    </ClInclude>
    <ClInclude Include="..\Source\Core\Kernel.h">
      <Filter>Core</Filter>
    </ClInclude>
    <ClInclude Include="..\Source\Core\Windows\InputSystem\GamepadDevice.h">
      <Filter>Core\InputSystem</Filter>
    </ClInclude>
    <ClInclude Include="..\Source\Core\Windows\InputSystem\InputDevice.h">
      <Filter>Core\InputSystem</Filter>
    </ClInclude>
    <ClInclude Include="..\Source\Core\Windows\InputSystem\InputManager.h">
      <Filter>Core\InputSystem</Filter>
    </ClInclude>
    <ClInclude Include="..\Source\Core\Windows\InputSystem\KeyBoardDevice.h">
      <Filter>Core\InputSystem</Filter>
    </ClInclude>
    <ClInclude Include="..\Source\Core\Windows\InputSystem\MouseDevice.h">
      <Filter>Core\InputSystem</Filter>
    </ClInclude>
    <ClInclude Include="..\Source\Core\Windows\InputSystem\SofeMouseDevice.h">
      <Filter>Core\InputSystem</Filter>
    </ClInclude>
    <ClInclude Include="..\Source\Core\Windows\InputSystem\XInputDevice.h">
      <Filter>Core\InputSystem</Filter>
    </ClInclude>
    <ClInclude Include="..\Source\Core\EventDefine.h">
      <Filter>Core</Filter>
    </ClInclude>
    <ClInclude Include="..\Source\Render\RenderDefine.h">
      <Filter>Render</Filter>
    </ClInclude>
    <ClInclude Include="..\Source\Render\Renderer\RenderBlendState.h">
      <Filter>Render\Renderer</Filter>
    </ClInclude>
    <ClInclude Include="..\Source\Render\Renderer\RenderDepthStencilState.h">
      <Filter>Render\Renderer</Filter>
    </ClInclude>
    <ClInclude Include="..\Source\Render\Renderer\RenderRasterizerState.h">
      <Filter>Render\Renderer</Filter>
    </ClInclude>
    <ClInclude Include="..\Source\Render\Renderer\D3D11\D3D11BlendState.h">
      <Filter>Render\Renderer\D3D11</Filter>
    </ClInclude>
    <ClInclude Include="..\Source\Render\Renderer\D3D11\D3D11ConstantBuffer.h">
      <Filter>Render\Renderer\D3D11</Filter>
    </ClInclude>
    <ClInclude Include="..\Source\Render\Renderer\D3D11\D3D11DepthStencilState.h">
      <Filter>Render\Renderer\D3D11</Filter>
    </ClInclude>
    <ClInclude Include="..\Source\Render\Renderer\D3D11\D3D11FrameBuffer.h">
      <Filter>Render\Renderer\D3D11</Filter>
    </ClInclude>
    <ClInclude Include="..\Source\Render\Renderer\D3D11\D3D11RasterizerState.h">
      <Filter>Render\Renderer\D3D11</Filter>
    </ClInclude>
    <ClInclude Include="..\Source\Render\Renderer\D3D11\D3D11Renderer.h">
      <Filter>Render\Renderer\D3D11</Filter>
    </ClInclude>
    <ClInclude Include="..\Source\Render\Renderer\D3D11\D3D11RenderLayout.h">
      <Filter>Render\Renderer\D3D11</Filter>
    </ClInclude>
    <ClInclude Include="..\Source\Render\Renderer\D3D11\D3D11ShaderProgram.h">
      <Filter>Render\Renderer\D3D11</Filter>
    </ClInclude>
    <ClInclude Include="..\Source\Render\Renderer\D3D11\D3D11Texture.h">
      <Filter>Render\Renderer\D3D11</Filter>
    </ClInclude>
    <ClInclude Include="..\Source\Render\Renderer\D3D11\D3D11Utils.h">
      <Filter>Render\Renderer\D3D11</Filter>
    </ClInclude>
    <ClInclude Include="..\Source\Render\Renderer\RenderTexture.h">
      <Filter>Render\Renderer</Filter>
    </ClInclude>
    <ClInclude Include="..\Source\Core\Image.h">
      <Filter>Core</Filter>
    </ClInclude>
    <ClInclude Include="..\Source\Core\ResBase.h">
      <Filter>Core</Filter>
    </ClInclude>
    <ClInclude Include="..\Source\Render\Renderer\Renderer.h">
      <Filter>Render\Renderer</Filter>
    </ClInclude>
    <ClInclude Include="..\Source\Render\Renderer\RenderFrameBuffer.h">
      <Filter>Render\Renderer</Filter>
    </ClInclude>
    <ClInclude Include="..\Source\Render\Renderer\RenderLayout.h">
      <Filter>Render\Renderer</Filter>
    </ClInclude>
    <ClInclude Include="..\Source\Render\Renderer\RenderProgram.h">
      <Filter>Render\Renderer</Filter>
    </ClInclude>
    <ClInclude Include="..\Source\Render\Renderer\RenderShaderData.h">
      <Filter>Render\Renderer</Filter>
    </ClInclude>
    <ClInclude Include="..\Source\Render\Renderer\D3D11\D3D11SamplerState.h">
      <Filter>Render\Renderer\D3D11</Filter>
    </ClInclude>
    <ClInclude Include="..\Source\Render\Renderer\RenderSamplerState.h">
      <Filter>Render\Renderer</Filter>
    </ClInclude>
    <ClInclude Include="..\Source\Render\RenderMgr.h">
      <Filter>Render</Filter>
    </ClInclude>
    <ClInclude Include="..\Source\Render\Effect\RenderBlock.h">
      <Filter>Render\Effect</Filter>
    </ClInclude>
    <ClInclude Include="..\Source\Render\Effect\RenderEffectLoader.h">
      <Filter>Render\Effect</Filter>
    </ClInclude>
    <ClInclude Include="..\Source\Render\Effect\RenderTechnique.h">
      <Filter>Render\Effect</Filter>
    </ClInclude>
    <ClInclude Include="..\Source\Render\Effect\RenderVariable.h">
      <Filter>Render\Effect</Filter>
    </ClInclude>
    <ClInclude Include="..\Source\Render\Effect\D3D11\D3D11EffectLoader.h">
      <Filter>Render\Effect\D3D11</Filter>
    </ClInclude>
    <ClInclude Include="..\Source\Render\Effect\D3D11\D3D11RenderBlock.h">
      <Filter>Render\Effect\D3D11</Filter>
    </ClInclude>
    <ClInclude Include="..\Source\Render\Effect\D3D11\D3D11RenderPass.h">
      <Filter>Render\Effect\D3D11</Filter>
    </ClInclude>
    <ClInclude Include="..\Source\Render\Effect\D3D11\D3D11RenderTechnique.h">
      <Filter>Render\Effect\D3D11</Filter>
    </ClInclude>
    <ClInclude Include="..\Source\Render\Material.h">
      <Filter>Render</Filter>
    </ClInclude>
    <ClInclude Include="..\Source\Render\Mesh.h">
      <Filter>Render</Filter>
    </ClInclude>
    <ClInclude Include="..\Source\Render\Model.h">
      <Filter>Render</Filter>
    </ClInclude>
    <ClInclude Include="..\Source\Render\Effect\RenderPass.h">
      <Filter>Render\Effect</Filter>
    </ClInclude>
    <ClInclude Include="..\Source\Core\Font.h">
      <Filter>Core</Filter>
    </ClInclude>
    <ClInclude Include="..\Source\Core\XmlNode.h">
      <Filter>Core</Filter>
    </ClInclude>
    <ClInclude Include="..\Source\Core\XmlDocument.h">
      <Filter>Core</Filter>
    </ClInclude>
    <ClInclude Include="..\Source\Core\XmlAttribute.h">
      <Filter>Core</Filter>
    </ClInclude>
  </ItemGroup>
  <ItemGroup>
    <Filter Include="Core">
      <UniqueIdentifier>{a7fceffc-36cd-4890-9b99-79fcbb0c7f7c}</UniqueIdentifier>
    </Filter>
    <Filter Include="Math">
      <UniqueIdentifier>{43d90325-fcd4-4b51-94ea-f4eb96e37042}</UniqueIdentifier>
    </Filter>
    <Filter Include="Scene">
      <UniqueIdentifier>{6d25fc66-0681-4aa6-9f3c-ff8f4500b114}</UniqueIdentifier>
    </Filter>
    <Filter Include="Utils">
      <UniqueIdentifier>{4efb8087-4a2f-48b3-808f-658d6b7f5918}</UniqueIdentifier>
    </Filter>
    <Filter Include="Render">
      <UniqueIdentifier>{09871c94-6a36-4b7f-8644-95cbd4ecd357}</UniqueIdentifier>
    </Filter>
    <Filter Include="Render\Renderer">
      <UniqueIdentifier>{3bd96b2f-c9e5-4279-bee0-844a330994b6}</UniqueIdentifier>
    </Filter>
    <Filter Include="Core\InputSystem">
      <UniqueIdentifier>{5708de68-917d-4327-9189-5d09a9a626d0}</UniqueIdentifier>
    </Filter>
    <Filter Include="Render\Renderer\D3D11">
      <UniqueIdentifier>{6a2186c3-924e-4991-9edb-f34ab6fcb8d5}</UniqueIdentifier>
    </Filter>
    <Filter Include="Render\Effect">
      <UniqueIdentifier>{6e2da803-7d78-4389-9b83-da141e78404f}</UniqueIdentifier>
    </Filter>
    <Filter Include="Render\Effect\D3D11">
      <UniqueIdentifier>{5ca9fe84-cf9d-42d5-8441-d5f58b4fba9e}</UniqueIdentifier>
    </Filter>
  </ItemGroup>
</Project>