
Microsoft Visual Studio Solution File, Format Version 12.00
# Visual Studio 14
VisualStudioVersion = 14.0.25420.1
MinimumVisualStudioVersion = 10.0.40219.1
Project("{8BC9CEB8-8B4A-11D0-8D11-00A0C91BC942}") = "SceneDemo", "..\Sample\SceneDemo\SceneDemo.vcxproj", "{4AA1DAC5-1422-4C28-B146-66C648B04B09}"
EndProject
Project("{8BC9CEB8-8B4A-11D0-8D11-00A0C91BC942}") = "Engine", "Engine.x86_64.windows.vs2015.vcxproj", "{C71BDBB0-12DC-4ED5-BB04-BCBC7368BD10}"
EndProject
Global
	GlobalSection(SolutionConfigurationPlatforms) = preSolution
		Debug|x64 = Debug|x64
		Debug|x86 = Debug|x86
		Release|x64 = Release|x64
		Release|x86 = Release|x86
	EndGlobalSection
	GlobalSection(ProjectConfigurationPlatforms) = postSolution
		{4AA1DAC5-1422-4C28-B146-66C648B04B09}.Debug|x64.ActiveCfg = Debug|x64
		{4AA1DAC5-1422-4C28-B146-66C648B04B09}.Debug|x64.Build.0 = Debug|x64
		{4AA1DAC5-1422-4C28-B146-66C648B04B09}.Debug|x86.ActiveCfg = Debug|Win32
		{4AA1DAC5-1422-4C28-B146-66C648B04B09}.Debug|x86.Build.0 = Debug|Win32
		{4AA1DAC5-1422-4C28-B146-66C648B04B09}.Release|x64.ActiveCfg = Release|x64
		{4AA1DAC5-1422-4C28-B146-66C648B04B09}.Release|x64.Build.0 = Release|x64
		{4AA1DAC5-1422-4C28-B146-66C648B04B09}.Release|x86.ActiveCfg = Release|Win32
		{4AA1DAC5-1422-4C28-B146-66C648B04B09}.Release|x86.Build.0 = Release|Win32
		{C71BDBB0-12DC-4ED5-BB04-BCBC7368BD10}.Debug|x64.ActiveCfg = Debug|x64
		{C71BDBB0-12DC-4ED5-BB04-BCBC7368BD10}.Debug|x64.Build.0 = Debug|x64
		{C71BDBB0-12DC-4ED5-BB04-BCBC7368BD10}.Debug|x86.ActiveCfg = Debug|Win32
		{C71BDBB0-12DC-4ED5-BB04-BCBC7368BD10}.Debug|x86.Build.0 = Debug|Win32
		{C71BDBB0-12DC-4ED5-BB04-BCBC7368BD10}.Release|x64.ActiveCfg = Release|x64
		{C71BDBB0-12DC-4ED5-BB04-BCBC7368BD10}.Release|x64.Build.0 = Release|x64
		{C71BDBB0-12DC-4ED5-BB04-BCBC7368BD10}.Release|x86.ActiveCfg = Release|Win32
		{C71BDBB0-12DC-4ED5-BB04-BCBC7368BD10}.Release|x86.Build.0 = Release|Win32
	EndGlobalSection
	GlobalSection(SolutionProperties) = preSolution
		HideSolutionNode = FALSE
	EndGlobalSection
EndGlobal
