
Microsoft Visual Studio Solution File, Format Version 12.00
# Visual Studio 14
VisualStudioVersion = 14.0.25420.1
MinimumVisualStudioVersion = 10.0.40219.1
Project("{8BC9CEB8-8B4A-11D0-8D11-00A0C91BC942}") = "SceneDemo", "..\Sample\SceneDemo\SceneDemo.vcxproj", "{4AA1DAC5-1422-4C28-B146-66C648B04B09}"
EndProject
Project("{8BC9CEB8-8B4A-11D0-8D11-00A0C91BC942}") = "Engine", "Engine.x86_64.windows.vs2015.vcxproj", "{C71BDBB0-12DC-4ED5-BB04-BCBC7368BD10}"
EndProject
Project("{2150E333-8FDC-42A3-9474-1A3956D46DE8}") = "External", "External", "{7F65D39A-CC66-4AC7-9AF8-3F29356EE979}"
EndProject
Project("{8BC9CEB8-8B4A-11D0-8D11-00A0C91BC942}") = "FreeImage-3.17.0", "..\External\FreeImage-3.17.0\Projects\FreeImage.x86_64.windows.vs2015.vcxproj", "{3A65B2A2-2636-4A3D-A16D-4B3448943754}"
EndProject
Project("{8BC9CEB8-8B4A-11D0-8D11-00A0C91BC942}") = "freetype-2.8", "..\External\freetype-2.8\Projects\freetype.x86_64.windows.vs2015.vcxproj", "{7D96FABC-3358-4CF8-AD20-25869E23468F}"
EndProject
Project("{8BC9CEB8-8B4A-11D0-8D11-00A0C91BC942}") = "gflags", "..\External\gflags\Projects\gflags.vcxproj", "{DB9910F1-D821-4091-9A15-49726C769039}"
EndProject
Project("{8BC9CEB8-8B4A-11D0-8D11-00A0C91BC942}") = "libjpeg-9b", "..\External\libjpeg-9b\Projects\libjpeg.x86_64.windows.vs2015.vcxproj", "{5F08808D-8515-4AE7-B0EA-2FA38A76E282}"
EndProject
Project("{8BC9CEB8-8B4A-11D0-8D11-00A0C91BC942}") = "libpng-1.6.29", "..\External\libpng-1.6.29\Projects\libpng.x86_64.windows.vs2015.vcxproj", "{813D6577-E332-4B1F-A181-8CD4E56CB880}"
EndProject
Project("{8BC9CEB8-8B4A-11D0-8D11-00A0C91BC942}") = "zlib-1.2.11", "..\External\zlib-1.2.11\Projects\zlib.x86_64.windows.vs2015.vcxproj", "{D9210D04-9DFD-4349-AC52-1DC233065061}"
EndProject
Project("{2150E333-8FDC-42A3-9474-1A3956D46DE8}") = "rapidXml", "rapidXml", "{1E08AFB8-FCFC-49F2-8129-7F380D46CBB5}"
	ProjectSection(SolutionItems) = preProject
		..\External\rapidXml\rapidxml.hpp = ..\External\rapidXml\rapidxml.hpp
		..\External\rapidXml\rapidxml_define.hpp = ..\External\rapidXml\rapidxml_define.hpp
		..\External\rapidXml\rapidxml_exceptions.hpp = ..\External\rapidXml\rapidxml_exceptions.hpp
		..\External\rapidXml\rapidxml_iterators.hpp = ..\External\rapidXml\rapidxml_iterators.hpp
		..\External\rapidXml\rapidxml_lookup_tables.hpp = ..\External\rapidXml\rapidxml_lookup_tables.hpp
		..\External\rapidXml\rapidxml_memory_pool.h = ..\External\rapidXml\rapidxml_memory_pool.h
		..\External\rapidXml\rapidxml_print.hpp = ..\External\rapidXml\rapidxml_print.hpp
		..\External\rapidXml\rapidxml_utils.hpp = ..\External\rapidXml\rapidxml_utils.hpp
		..\External\rapidXml\rapidxml_xml_attribute.h = ..\External\rapidXml\rapidxml_xml_attribute.h
		..\External\rapidXml\rapidxml_xml_base.h = ..\External\rapidXml\rapidxml_xml_base.h
		..\External\rapidXml\rapidxml_xml_document.h = ..\External\rapidXml\rapidxml_xml_document.h
		..\External\rapidXml\rapidxml_xml_node.h = ..\External\rapidXml\rapidxml_xml_node.h
	EndProjectSection
EndProject
Project("{2150E333-8FDC-42A3-9474-1A3956D46DE8}") = "Sample", "Sample", "{34E58B8B-2D94-489E-85EA-8DA8311A8091}"
EndProject
Project("{8BC9CEB8-8B4A-11D0-8D11-00A0C91BC942}") = "ModelViewer", "..\Sample\ModelViewer\ModelViewer.vcxproj", "{8BED75C1-3ED1-497F-8682-C3EA769FCC0E}"
EndProject
Project("{8BC9CEB8-8B4A-11D0-8D11-00A0C91BC942}") = "AtmosphericScattering", "..\Sample\AtmosphericScattering\AtmosphericScattering.vcxproj", "{45B97639-C975-4260-8A48-F0E67F4A4C1B}"
EndProject
Global
	GlobalSection(SolutionConfigurationPlatforms) = preSolution
		Debug|x64 = Debug|x64
		Debug|x86 = Debug|x86
		Release|x64 = Release|x64
		Release|x86 = Release|x86
	EndGlobalSection
	GlobalSection(ProjectConfigurationPlatforms) = postSolution
		{4AA1DAC5-1422-4C28-B146-66C648B04B09}.Debug|x64.ActiveCfg = Debug|x64
		{4AA1DAC5-1422-4C28-B146-66C648B04B09}.Debug|x64.Build.0 = Debug|x64
		{4AA1DAC5-1422-4C28-B146-66C648B04B09}.Debug|x86.ActiveCfg = Debug|Win32
		{4AA1DAC5-1422-4C28-B146-66C648B04B09}.Debug|x86.Build.0 = Debug|Win32
		{4AA1DAC5-1422-4C28-B146-66C648B04B09}.Release|x64.ActiveCfg = Release|x64
		{4AA1DAC5-1422-4C28-B146-66C648B04B09}.Release|x86.ActiveCfg = Release|Win32
		{4AA1DAC5-1422-4C28-B146-66C648B04B09}.Release|x86.Build.0 = Release|Win32
		{C71BDBB0-12DC-4ED5-BB04-BCBC7368BD10}.Debug|x64.ActiveCfg = Debug|x64
		{C71BDBB0-12DC-4ED5-BB04-BCBC7368BD10}.Debug|x64.Build.0 = Debug|x64
		{C71BDBB0-12DC-4ED5-BB04-BCBC7368BD10}.Debug|x86.ActiveCfg = Debug|Win32
		{C71BDBB0-12DC-4ED5-BB04-BCBC7368BD10}.Debug|x86.Build.0 = Debug|Win32
		{C71BDBB0-12DC-4ED5-BB04-BCBC7368BD10}.Release|x64.ActiveCfg = Release|x64
		{C71BDBB0-12DC-4ED5-BB04-BCBC7368BD10}.Release|x64.Build.0 = Release|x64
		{C71BDBB0-12DC-4ED5-BB04-BCBC7368BD10}.Release|x86.ActiveCfg = Release|Win32
		{C71BDBB0-12DC-4ED5-BB04-BCBC7368BD10}.Release|x86.Build.0 = Release|Win32
		{3A65B2A2-2636-4A3D-A16D-4B3448943754}.Debug|x64.ActiveCfg = Debug|x64
		{3A65B2A2-2636-4A3D-A16D-4B3448943754}.Debug|x64.Build.0 = Debug|x64
		{3A65B2A2-2636-4A3D-A16D-4B3448943754}.Debug|x86.ActiveCfg = Debug|Win32
		{3A65B2A2-2636-4A3D-A16D-4B3448943754}.Debug|x86.Build.0 = Debug|Win32
		{3A65B2A2-2636-4A3D-A16D-4B3448943754}.Release|x64.ActiveCfg = Release|x64
		{3A65B2A2-2636-4A3D-A16D-4B3448943754}.Release|x64.Build.0 = Release|x64
		{3A65B2A2-2636-4A3D-A16D-4B3448943754}.Release|x86.ActiveCfg = Release|Win32
		{3A65B2A2-2636-4A3D-A16D-4B3448943754}.Release|x86.Build.0 = Release|Win32
		{7D96FABC-3358-4CF8-AD20-25869E23468F}.Debug|x64.ActiveCfg = Debug|x64
		{7D96FABC-3358-4CF8-AD20-25869E23468F}.Debug|x64.Build.0 = Debug|x64
		{7D96FABC-3358-4CF8-AD20-25869E23468F}.Debug|x86.ActiveCfg = Debug|Win32
		{7D96FABC-3358-4CF8-AD20-25869E23468F}.Debug|x86.Build.0 = Debug|Win32
		{7D96FABC-3358-4CF8-AD20-25869E23468F}.Release|x64.ActiveCfg = Release|x64
		{7D96FABC-3358-4CF8-AD20-25869E23468F}.Release|x64.Build.0 = Release|x64
		{7D96FABC-3358-4CF8-AD20-25869E23468F}.Release|x86.ActiveCfg = Release|Win32
		{7D96FABC-3358-4CF8-AD20-25869E23468F}.Release|x86.Build.0 = Release|Win32
		{DB9910F1-D821-4091-9A15-49726C769039}.Debug|x64.ActiveCfg = Debug|x64
		{DB9910F1-D821-4091-9A15-49726C769039}.Debug|x64.Build.0 = Debug|x64
		{DB9910F1-D821-4091-9A15-49726C769039}.Debug|x86.ActiveCfg = Debug|Win32
		{DB9910F1-D821-4091-9A15-49726C769039}.Debug|x86.Build.0 = Debug|Win32
		{DB9910F1-D821-4091-9A15-49726C769039}.Release|x64.ActiveCfg = Release|x64
		{DB9910F1-D821-4091-9A15-49726C769039}.Release|x64.Build.0 = Release|x64
		{DB9910F1-D821-4091-9A15-49726C769039}.Release|x86.ActiveCfg = Release|Win32
		{DB9910F1-D821-4091-9A15-49726C769039}.Release|x86.Build.0 = Release|Win32
		{5F08808D-8515-4AE7-B0EA-2FA38A76E282}.Debug|x64.ActiveCfg = Debug|x64
		{5F08808D-8515-4AE7-B0EA-2FA38A76E282}.Debug|x64.Build.0 = Debug|x64
		{5F08808D-8515-4AE7-B0EA-2FA38A76E282}.Debug|x86.ActiveCfg = Debug|Win32
		{5F08808D-8515-4AE7-B0EA-2FA38A76E282}.Debug|x86.Build.0 = Debug|Win32
		{5F08808D-8515-4AE7-B0EA-2FA38A76E282}.Release|x64.ActiveCfg = Release|x64
		{5F08808D-8515-4AE7-B0EA-2FA38A76E282}.Release|x64.Build.0 = Release|x64
		{5F08808D-8515-4AE7-B0EA-2FA38A76E282}.Release|x86.ActiveCfg = Release|Win32
		{5F08808D-8515-4AE7-B0EA-2FA38A76E282}.Release|x86.Build.0 = Release|Win32
		{813D6577-E332-4B1F-A181-8CD4E56CB880}.Debug|x64.ActiveCfg = Debug|x64
		{813D6577-E332-4B1F-A181-8CD4E56CB880}.Debug|x64.Build.0 = Debug|x64
		{813D6577-E332-4B1F-A181-8CD4E56CB880}.Debug|x86.ActiveCfg = Debug|Win32
		{813D6577-E332-4B1F-A181-8CD4E56CB880}.Debug|x86.Build.0 = Debug|Win32
		{813D6577-E332-4B1F-A181-8CD4E56CB880}.Release|x64.ActiveCfg = Release|x64
		{813D6577-E332-4B1F-A181-8CD4E56CB880}.Release|x64.Build.0 = Release|x64
		{813D6577-E332-4B1F-A181-8CD4E56CB880}.Release|x86.ActiveCfg = Release|Win32
		{813D6577-E332-4B1F-A181-8CD4E56CB880}.Release|x86.Build.0 = Release|Win32
		{D9210D04-9DFD-4349-AC52-1DC233065061}.Debug|x64.ActiveCfg = Debug|x64
		{D9210D04-9DFD-4349-AC52-1DC233065061}.Debug|x64.Build.0 = Debug|x64
		{D9210D04-9DFD-4349-AC52-1DC233065061}.Debug|x86.ActiveCfg = Debug|Win32
		{D9210D04-9DFD-4349-AC52-1DC233065061}.Debug|x86.Build.0 = Debug|Win32
		{D9210D04-9DFD-4349-AC52-1DC233065061}.Release|x64.ActiveCfg = Release|x64
		{D9210D04-9DFD-4349-AC52-1DC233065061}.Release|x64.Build.0 = Release|x64
		{D9210D04-9DFD-4349-AC52-1DC233065061}.Release|x86.ActiveCfg = Release|Win32
		{D9210D04-9DFD-4349-AC52-1DC233065061}.Release|x86.Build.0 = Release|Win32
		{8BED75C1-3ED1-497F-8682-C3EA769FCC0E}.Debug|x64.ActiveCfg = Debug|x64
		{8BED75C1-3ED1-497F-8682-C3EA769FCC0E}.Debug|x64.Build.0 = Debug|x64
		{8BED75C1-3ED1-497F-8682-C3EA769FCC0E}.Debug|x86.ActiveCfg = Debug|Win32
		{8BED75C1-3ED1-497F-8682-C3EA769FCC0E}.Debug|x86.Build.0 = Debug|Win32
		{8BED75C1-3ED1-497F-8682-C3EA769FCC0E}.Release|x64.ActiveCfg = Release|x64
		{8BED75C1-3ED1-497F-8682-C3EA769FCC0E}.Release|x64.Build.0 = Release|x64
		{8BED75C1-3ED1-497F-8682-C3EA769FCC0E}.Release|x86.ActiveCfg = Release|Win32
		{8BED75C1-3ED1-497F-8682-C3EA769FCC0E}.Release|x86.Build.0 = Release|Win32
		{45B97639-C975-4260-8A48-F0E67F4A4C1B}.Debug|x64.ActiveCfg = Debug|x64
		{45B97639-C975-4260-8A48-F0E67F4A4C1B}.Debug|x64.Build.0 = Debug|x64
		{45B97639-C975-4260-8A48-F0E67F4A4C1B}.Debug|x86.ActiveCfg = Debug|Win32
		{45B97639-C975-4260-8A48-F0E67F4A4C1B}.Debug|x86.Build.0 = Debug|Win32
		{45B97639-C975-4260-8A48-F0E67F4A4C1B}.Release|x64.ActiveCfg = Release|x64
		{45B97639-C975-4260-8A48-F0E67F4A4C1B}.Release|x64.Build.0 = Release|x64
		{45B97639-C975-4260-8A48-F0E67F4A4C1B}.Release|x86.ActiveCfg = Release|Win32
		{45B97639-C975-4260-8A48-F0E67F4A4C1B}.Release|x86.Build.0 = Release|Win32
	EndGlobalSection
	GlobalSection(SolutionProperties) = preSolution
		HideSolutionNode = FALSE
	EndGlobalSection
	GlobalSection(NestedProjects) = preSolution
		{4AA1DAC5-1422-4C28-B146-66C648B04B09} = {34E58B8B-2D94-489E-85EA-8DA8311A8091}
		{3A65B2A2-2636-4A3D-A16D-4B3448943754} = {7F65D39A-CC66-4AC7-9AF8-3F29356EE979}
		{7D96FABC-3358-4CF8-AD20-25869E23468F} = {7F65D39A-CC66-4AC7-9AF8-3F29356EE979}
		{DB9910F1-D821-4091-9A15-49726C769039} = {7F65D39A-CC66-4AC7-9AF8-3F29356EE979}
		{5F08808D-8515-4AE7-B0EA-2FA38A76E282} = {7F65D39A-CC66-4AC7-9AF8-3F29356EE979}
		{813D6577-E332-4B1F-A181-8CD4E56CB880} = {7F65D39A-CC66-4AC7-9AF8-3F29356EE979}
		{D9210D04-9DFD-4349-AC52-1DC233065061} = {7F65D39A-CC66-4AC7-9AF8-3F29356EE979}
		{1E08AFB8-FCFC-49F2-8129-7F380D46CBB5} = {7F65D39A-CC66-4AC7-9AF8-3F29356EE979}
		{8BED75C1-3ED1-497F-8682-C3EA769FCC0E} = {34E58B8B-2D94-489E-85EA-8DA8311A8091}
		{45B97639-C975-4260-8A48-F0E67F4A4C1B} = {34E58B8B-2D94-489E-85EA-8DA8311A8091}
	EndGlobalSection
EndGlobal
