// !$*UTF8*$!
{
	archiveVersion = 1;
	classes = {
	};
	objectVersion = 50;
	objects = {

/* Begin PBXBuildFile section */
		C7300B4C25DBC4150087F8BF /* BorderShine.metal in Sources */ = {isa = PBXBuildFile; fileRef = C7300B4B25DBC4150087F8BF /* BorderShine.metal */; };
		C7300B5125DBC5F70087F8BF /* Lambert.metal in Sources */ = {isa = PBXBuildFile; fileRef = C7300B4E25DBC5F70087F8BF /* Lambert.metal */; };
		C7300B5225DBC5F70087F8BF /* Phong.metal in Sources */ = {isa = PBXBuildFile; fileRef = C7300B4F25DBC5F70087F8BF /* Phong.metal */; };
		C7300B5325DBC5F70087F8BF /* Blinn.metal in Sources */ = {isa = PBXBuildFile; fileRef = C7300B5025DBC5F70087F8BF /* Blinn.metal */; };
		C7360A102590C2EA007D1BC9 /* RenderState.h in Headers */ = {isa = PBXBuildFile; fileRef = C7360A0F2590C2EA007D1BC9 /* RenderState.h */; };
		C7398C1624B73A1C0092BF6E /* File.cpp in Sources */ = {isa = PBXBuildFile; fileRef = C7398C1424B73A1C0092BF6E /* File.cpp */; };
		C7398C1724B73A1C0092BF6E /* File.h in Headers */ = {isa = PBXBuildFile; fileRef = C7398C1524B73A1C0092BF6E /* File.h */; };
		C7398C1A24B73A480092BF6E /* Package.cpp in Sources */ = {isa = PBXBuildFile; fileRef = C7398C1824B73A480092BF6E /* Package.cpp */; };
		C7398C1B24B73A480092BF6E /* Package.h in Headers */ = {isa = PBXBuildFile; fileRef = C7398C1924B73A480092BF6E /* Package.h */; };
		C7398C2324B73AA50092BF6E /* RenderResourceSet.h in Headers */ = {isa = PBXBuildFile; fileRef = C7398C2224B73AA50092BF6E /* RenderResourceSet.h */; };
		C7398C2A24B73BA30092BF6E /* MetalResourceSet.h in Headers */ = {isa = PBXBuildFile; fileRef = C7398C2824B73BA30092BF6E /* MetalResourceSet.h */; };
		C7398C2B24B73BA30092BF6E /* MetalResourceSet.mm in Sources */ = {isa = PBXBuildFile; fileRef = C7398C2924B73BA30092BF6E /* MetalResourceSet.mm */; };
		C7398C4224B742D60092BF6E /* Sprite3D.metal in Sources */ = {isa = PBXBuildFile; fileRef = C7398C4124B742D60092BF6E /* Sprite3D.metal */; };
		C74F713D25933E1400CC940F /* Copy.metal in Sources */ = {isa = PBXBuildFile; fileRef = C74F713925933E1300CC940F /* Copy.metal */; };
		C74F713E25933E1400CC940F /* Skeletal.metal in Sources */ = {isa = PBXBuildFile; fileRef = C74F713A25933E1300CC940F /* Skeletal.metal */; };
		C74F714025933E1400CC940F /* Font.metal in Sources */ = {isa = PBXBuildFile; fileRef = C74F713C25933E1300CC940F /* Font.metal */; };
		C74F7145259340F900CC940F /* Sprite2D.metal in Sources */ = {isa = PBXBuildFile; fileRef = C74F7144259340F900CC940F /* Sprite2D.metal */; };
		C75C81122450242A00CCEE69 /* RenderProgram.h in Headers */ = {isa = PBXBuildFile; fileRef = C75C81112450242A00CCEE69 /* RenderProgram.h */; };
		C75C8118245ABBF300CCEE69 /* MetalUtils.h in Headers */ = {isa = PBXBuildFile; fileRef = C75C8117245ABBF300CCEE69 /* MetalUtils.h */; };
		C769A94324654C3700C30621 /* MetalViewRenderTarget.mm in Sources */ = {isa = PBXBuildFile; fileRef = C769A94124654C3600C30621 /* MetalViewRenderTarget.mm */; };
		C769A94424654C3700C30621 /* MetalViewRenderTarget.h in Headers */ = {isa = PBXBuildFile; fileRef = C769A94224654C3700C30621 /* MetalViewRenderTarget.h */; };
		C769A9462465514800C30621 /* IMetalCommandFactory.h in Headers */ = {isa = PBXBuildFile; fileRef = C769A9452465514800C30621 /* IMetalCommandFactory.h */; };
		C7C6A11B24754CF40001D9FF /* RenderObject.cpp in Sources */ = {isa = PBXBuildFile; fileRef = C7C6A11924754CF40001D9FF /* RenderObject.cpp */; };
		C7C6A11C24754CF40001D9FF /* RenderObject.h in Headers */ = {isa = PBXBuildFile; fileRef = C7C6A11A24754CF40001D9FF /* RenderObject.h */; };
		C7D05C2A25ECE1BC0053CA02 /* RenderHelper.h in Headers */ = {isa = PBXBuildFile; fileRef = C7D05C2825ECE1BC0053CA02 /* RenderHelper.h */; };
		C7D05C2B25ECE1BC0053CA02 /* RenderHelper.cpp in Sources */ = {isa = PBXBuildFile; fileRef = C7D05C2925ECE1BC0053CA02 /* RenderHelper.cpp */; };
		F97F83EC243734400002DFF0 /* CompileConfig.h in Headers */ = {isa = PBXBuildFile; fileRef = F97F83E8243734400002DFF0 /* CompileConfig.h */; };
		F97F83EE243734400002DFF0 /* PreCompile.h in Headers */ = {isa = PBXBuildFile; fileRef = F97F83EA243734400002DFF0 /* PreCompile.h */; };
		F97F842F243C2BD50002DFF0 /* main.mm in Sources */ = {isa = PBXBuildFile; fileRef = F97F842E243C2BD50002DFF0 /* main.mm */; };
		F97F8482243C507B0002DFF0 /* Pharos.h in Headers */ = {isa = PBXBuildFile; fileRef = F97F8480243C507B0002DFF0 /* Pharos.h */; };
		F97F8483243C507B0002DFF0 /* TypesDef.h in Headers */ = {isa = PBXBuildFile; fileRef = F97F8481243C507B0002DFF0 /* TypesDef.h */; };
		F97F8486243C51FD0002DFF0 /* EventDefine.h in Headers */ = {isa = PBXBuildFile; fileRef = F97F8484243C51FD0002DFF0 /* EventDefine.h */; };
		F97F8487243C51FD0002DFF0 /* IApplication.h in Headers */ = {isa = PBXBuildFile; fileRef = F97F8485243C51FD0002DFF0 /* IApplication.h */; };
		F97F848E243C65880002DFF0 /* PlatformMacOS.h in Headers */ = {isa = PBXBuildFile; fileRef = F97F848C243C65870002DFF0 /* PlatformMacOS.h */; };
		F97F848F243C65880002DFF0 /* PlatformMacOS.mm in Sources */ = {isa = PBXBuildFile; fileRef = F97F848D243C65870002DFF0 /* PlatformMacOS.mm */; };
		F97F8491243C66500002DFF0 /* CoreGlobal.h in Headers */ = {isa = PBXBuildFile; fileRef = F97F8490243C66500002DFF0 /* CoreGlobal.h */; };
		F97F849F243C7E740002DFF0 /* Timer.cpp in Sources */ = {isa = PBXBuildFile; fileRef = F97F8499243C7E730002DFF0 /* Timer.cpp */; };
		F97F84A1243C7E740002DFF0 /* Timer.h in Headers */ = {isa = PBXBuildFile; fileRef = F97F849B243C7E740002DFF0 /* Timer.h */; };
		F97F84C4243D7E5A0002DFF0 /* Path.h in Headers */ = {isa = PBXBuildFile; fileRef = F97F84BE243D7E5A0002DFF0 /* Path.h */; };
		F97F84C5243D7E5A0002DFF0 /* Factory.h in Headers */ = {isa = PBXBuildFile; fileRef = F97F84BF243D7E5A0002DFF0 /* Factory.h */; };
		F97F84C6243D7E5A0002DFF0 /* Singleton.h in Headers */ = {isa = PBXBuildFile; fileRef = F97F84C0243D7E5A0002DFF0 /* Singleton.h */; };
		F97F84C7243D7E5A0002DFF0 /* Thread.h in Headers */ = {isa = PBXBuildFile; fileRef = F97F84C1243D7E5A0002DFF0 /* Thread.h */; };
		F97F84C8243D7E5A0002DFF0 /* Util.h in Headers */ = {isa = PBXBuildFile; fileRef = F97F84C2243D7E5A0002DFF0 /* Util.h */; };
		F97F84DE243D7E6F0002DFF0 /* Color.h in Headers */ = {isa = PBXBuildFile; fileRef = F97F84CB243D7E6E0002DFF0 /* Color.h */; };
		F97F84DF243D7E6F0002DFF0 /* Vector3D.h in Headers */ = {isa = PBXBuildFile; fileRef = F97F84CC243D7E6E0002DFF0 /* Vector3D.h */; };
		F97F84E0243D7E6F0002DFF0 /* DualQuaternion.h in Headers */ = {isa = PBXBuildFile; fileRef = F97F84CD243D7E6E0002DFF0 /* DualQuaternion.h */; };
		F97F84E1243D7E6F0002DFF0 /* Quaternion.h in Headers */ = {isa = PBXBuildFile; fileRef = F97F84CE243D7E6E0002DFF0 /* Quaternion.h */; };
		F97F84E2243D7E6F0002DFF0 /* AABBox3D.h in Headers */ = {isa = PBXBuildFile; fileRef = F97F84CF243D7E6E0002DFF0 /* AABBox3D.h */; };
		F97F84E3243D7E6F0002DFF0 /* Vector2D.h in Headers */ = {isa = PBXBuildFile; fileRef = F97F84D0243D7E6E0002DFF0 /* Vector2D.h */; };
		F97F84E4243D7E6F0002DFF0 /* Matrix4.h in Headers */ = {isa = PBXBuildFile; fileRef = F97F84D1243D7E6E0002DFF0 /* Matrix4.h */; };
		F97F84E6243D7E6F0002DFF0 /* Point2D.h in Headers */ = {isa = PBXBuildFile; fileRef = F97F84D3243D7E6E0002DFF0 /* Point2D.h */; };
		F97F84E7243D7E6F0002DFF0 /* Triangle3D.h in Headers */ = {isa = PBXBuildFile; fileRef = F97F84D4243D7E6E0002DFF0 /* Triangle3D.h */; };
		F97F84E8243D7E6F0002DFF0 /* Plane3D.h in Headers */ = {isa = PBXBuildFile; fileRef = F97F84D5243D7E6E0002DFF0 /* Plane3D.h */; };
		F97F84E9243D7E6F0002DFF0 /* Geometry.h in Headers */ = {isa = PBXBuildFile; fileRef = F97F84D6243D7E6E0002DFF0 /* Geometry.h */; };
		F97F84EA243D7E6F0002DFF0 /* Size2D.h in Headers */ = {isa = PBXBuildFile; fileRef = F97F84D7243D7E6E0002DFF0 /* Size2D.h */; };
		F97F84EB243D7E6F0002DFF0 /* Line2D.h in Headers */ = {isa = PBXBuildFile; fileRef = F97F84D8243D7E6E0002DFF0 /* Line2D.h */; };
		F97F84EC243D7E6F0002DFF0 /* Vector4D.h in Headers */ = {isa = PBXBuildFile; fileRef = F97F84D9243D7E6E0002DFF0 /* Vector4D.h */; };
		F97F84ED243D7E6F0002DFF0 /* Common.h in Headers */ = {isa = PBXBuildFile; fileRef = F97F84DA243D7E6E0002DFF0 /* Common.h */; };
		F97F84EE243D7E6F0002DFF0 /* Line3D.h in Headers */ = {isa = PBXBuildFile; fileRef = F97F84DB243D7E6F0002DFF0 /* Line3D.h */; };
		F97F84EF243D7E6F0002DFF0 /* Frustum.h in Headers */ = {isa = PBXBuildFile; fileRef = F97F84DC243D7E6F0002DFF0 /* Frustum.h */; };
		F97F84F0243D7E6F0002DFF0 /* Rect2D.h in Headers */ = {isa = PBXBuildFile; fileRef = F97F84DD243D7E6F0002DFF0 /* Rect2D.h */; };
		F97F84FF243DB4300002DFF0 /* Kernel.h in Headers */ = {isa = PBXBuildFile; fileRef = F97F84FD243DB4300002DFF0 /* Kernel.h */; };
		F97F8500243DB4300002DFF0 /* Kernel.cpp in Sources */ = {isa = PBXBuildFile; fileRef = F97F84FE243DB4300002DFF0 /* Kernel.cpp */; };
		F9D9811E243EFB110028DD41 /* MetalRenderer.mm in Sources */ = {isa = PBXBuildFile; fileRef = F9D9811C243EFB110028DD41 /* MetalRenderer.mm */; };
		F9D9811F243EFB110028DD41 /* MetalRenderer.h in Headers */ = {isa = PBXBuildFile; fileRef = F9D9811D243EFB110028DD41 /* MetalRenderer.h */; };
		F9D98124243EFB560028DD41 /* RenderMgr.cpp in Sources */ = {isa = PBXBuildFile; fileRef = F9D98121243EFB560028DD41 /* RenderMgr.cpp */; };
		F9D98125243EFB560028DD41 /* RenderGlobal.h in Headers */ = {isa = PBXBuildFile; fileRef = F9D98122243EFB560028DD41 /* RenderGlobal.h */; };
		F9D98126243EFB560028DD41 /* RenderMgr.h in Headers */ = {isa = PBXBuildFile; fileRef = F9D98123243EFB560028DD41 /* RenderMgr.h */; };
		F9D98137243EFCD70028DD41 /* Renderer.h in Headers */ = {isa = PBXBuildFile; fileRef = F9D9812C243EFCD60028DD41 /* Renderer.h */; };
		F9D98138243EFCD70028DD41 /* RenderBuffer.h in Headers */ = {isa = PBXBuildFile; fileRef = F9D9812D243EFCD60028DD41 /* RenderBuffer.h */; };
		F9D9813A243EFCD70028DD41 /* RenderTarget.h in Headers */ = {isa = PBXBuildFile; fileRef = F9D9812F243EFCD70028DD41 /* RenderTarget.h */; };
		F9D9813B243EFCD70028DD41 /* RenderTexture.h in Headers */ = {isa = PBXBuildFile; fileRef = F9D98130243EFCD70028DD41 /* RenderTexture.h */; };
		F9D9814D243EFCEF0028DD41 /* Skeleton.cpp in Sources */ = {isa = PBXBuildFile; fileRef = F9D9813E243EFCEF0028DD41 /* Skeleton.cpp */; };
		F9D9814E243EFCEF0028DD41 /* Animation.h in Headers */ = {isa = PBXBuildFile; fileRef = F9D9813F243EFCEF0028DD41 /* Animation.h */; };
		F9D98150243EFCEF0028DD41 /* Model.cpp in Sources */ = {isa = PBXBuildFile; fileRef = F9D98141243EFCEF0028DD41 /* Model.cpp */; };
		F9D98151243EFCEF0028DD41 /* Material.cpp in Sources */ = {isa = PBXBuildFile; fileRef = F9D98142243EFCEF0028DD41 /* Material.cpp */; };
		F9D98152243EFCEF0028DD41 /* Mesh.cpp in Sources */ = {isa = PBXBuildFile; fileRef = F9D98143243EFCEF0028DD41 /* Mesh.cpp */; };
		F9D98153243EFCEF0028DD41 /* RenderDefine.h in Headers */ = {isa = PBXBuildFile; fileRef = F9D98144243EFCEF0028DD41 /* RenderDefine.h */; };
		F9D98154243EFCEF0028DD41 /* Model.h in Headers */ = {isa = PBXBuildFile; fileRef = F9D98145243EFCEF0028DD41 /* Model.h */; };
		F9D98155243EFCEF0028DD41 /* Mesh.h in Headers */ = {isa = PBXBuildFile; fileRef = F9D98146243EFCEF0028DD41 /* Mesh.h */; };
		F9D98156243EFCEF0028DD41 /* Skeleton.h in Headers */ = {isa = PBXBuildFile; fileRef = F9D98147243EFCEF0028DD41 /* Skeleton.h */; };
		F9D98157243EFCEF0028DD41 /* IRenderCallback.h in Headers */ = {isa = PBXBuildFile; fileRef = F9D98148243EFCEF0028DD41 /* IRenderCallback.h */; };
		F9D98158243EFCEF0028DD41 /* VertexDefine.h in Headers */ = {isa = PBXBuildFile; fileRef = F9D98149243EFCEF0028DD41 /* VertexDefine.h */; };
		F9D98159243EFCEF0028DD41 /* Animation.cpp in Sources */ = {isa = PBXBuildFile; fileRef = F9D9814A243EFCEF0028DD41 /* Animation.cpp */; };
		F9D9815A243EFCEF0028DD41 /* Material.h in Headers */ = {isa = PBXBuildFile; fileRef = F9D9814B243EFCEF0028DD41 /* Material.h */; };
		F9D981A1243EFF6C0028DD41 /* MetalShaderProgram.mm in Sources */ = {isa = PBXBuildFile; fileRef = F9D9818F243EFF6B0028DD41 /* MetalShaderProgram.mm */; };
		F9D981A2243EFF6C0028DD41 /* MetalRenderTexture.h in Headers */ = {isa = PBXBuildFile; fileRef = F9D98190243EFF6B0028DD41 /* MetalRenderTexture.h */; };
		F9D981A4243EFF6C0028DD41 /* MetalRenderTarget.mm in Sources */ = {isa = PBXBuildFile; fileRef = F9D98192243EFF6B0028DD41 /* MetalRenderTarget.mm */; };
		F9D981A5243EFF6C0028DD41 /* MetalRenderTarget.h in Headers */ = {isa = PBXBuildFile; fileRef = F9D98193243EFF6B0028DD41 /* MetalRenderTarget.h */; };
		F9D981A7243EFF6C0028DD41 /* MetalRenderBuffer.h in Headers */ = {isa = PBXBuildFile; fileRef = F9D98195243EFF6B0028DD41 /* MetalRenderBuffer.h */; };
		F9D981A8243EFF6C0028DD41 /* MetalRenderTexture.mm in Sources */ = {isa = PBXBuildFile; fileRef = F9D98196243EFF6B0028DD41 /* MetalRenderTexture.mm */; };
		F9D981AB243EFF6C0028DD41 /* MetalShaderProgram.h in Headers */ = {isa = PBXBuildFile; fileRef = F9D98199243EFF6B0028DD41 /* MetalShaderProgram.h */; };
		F9D981B0243EFF6C0028DD41 /* MetalRenderBuffer.mm in Sources */ = {isa = PBXBuildFile; fileRef = F9D9819E243EFF6B0028DD41 /* MetalRenderBuffer.mm */; };
		F9D981C5243F06190028DD41 /* XmlAttribute.cpp in Sources */ = {isa = PBXBuildFile; fileRef = F9D981B3243F06180028DD41 /* XmlAttribute.cpp */; };
		F9D981C6243F06190028DD41 /* Image.cpp in Sources */ = {isa = PBXBuildFile; fileRef = F9D981B4243F06180028DD41 /* Image.cpp */; };
		F9D981C7243F06190028DD41 /* XmlNode.h in Headers */ = {isa = PBXBuildFile; fileRef = F9D981B5243F06180028DD41 /* XmlNode.h */; };
		F9D981C8243F06190028DD41 /* Properties.h in Headers */ = {isa = PBXBuildFile; fileRef = F9D981B6243F06180028DD41 /* Properties.h */; };
		F9D981C9243F06190028DD41 /* Font.h in Headers */ = {isa = PBXBuildFile; fileRef = F9D981B7243F06180028DD41 /* Font.h */; };
		F9D981CA243F06190028DD41 /* XmlAttribute.h in Headers */ = {isa = PBXBuildFile; fileRef = F9D981B8243F06180028DD41 /* XmlAttribute.h */; };
		F9D981CB243F06190028DD41 /* XmlDocument.cpp in Sources */ = {isa = PBXBuildFile; fileRef = F9D981B9243F06180028DD41 /* XmlDocument.cpp */; };
		F9D981CC243F06190028DD41 /* ResourceManager.cpp in Sources */ = {isa = PBXBuildFile; fileRef = F9D981BA243F06180028DD41 /* ResourceManager.cpp */; };
		F9D981CD243F06190028DD41 /* Font.cpp in Sources */ = {isa = PBXBuildFile; fileRef = F9D981BB243F06190028DD41 /* Font.cpp */; };
		F9D981CE243F06190028DD41 /* ResBase.h in Headers */ = {isa = PBXBuildFile; fileRef = F9D981BC243F06190028DD41 /* ResBase.h */; };
		F9D981D0243F06190028DD41 /* Image.h in Headers */ = {isa = PBXBuildFile; fileRef = F9D981BE243F06190028DD41 /* Image.h */; };
		F9D981D1243F06190028DD41 /* XmlDocument.h in Headers */ = {isa = PBXBuildFile; fileRef = F9D981BF243F06190028DD41 /* XmlDocument.h */; };
		F9D981D2243F06190028DD41 /* XmlNode.cpp in Sources */ = {isa = PBXBuildFile; fileRef = F9D981C0243F06190028DD41 /* XmlNode.cpp */; };
		F9D981D3243F06190028DD41 /* MemoryBuffer.cpp in Sources */ = {isa = PBXBuildFile; fileRef = F9D981C1243F06190028DD41 /* MemoryBuffer.cpp */; };
		F9D981D4243F06190028DD41 /* ResourceManager.h in Headers */ = {isa = PBXBuildFile; fileRef = F9D981C2243F06190028DD41 /* ResourceManager.h */; };
		F9D981D5243F06190028DD41 /* MemoryBuffer.h in Headers */ = {isa = PBXBuildFile; fileRef = F9D981C3243F06190028DD41 /* MemoryBuffer.h */; };
		F9D981D6243F06190028DD41 /* Properties.cpp in Sources */ = {isa = PBXBuildFile; fileRef = F9D981C4243F06190028DD41 /* Properties.cpp */; };
		F9D981E9243F0BA00028DD41 /* SceneMgr.h in Headers */ = {isa = PBXBuildFile; fileRef = F9D981D8243F0BA00028DD41 /* SceneMgr.h */; };
		F9D981EA243F0BA00028DD41 /* SceneCamera.cpp in Sources */ = {isa = PBXBuildFile; fileRef = F9D981D9243F0BA00028DD41 /* SceneCamera.cpp */; };
		F9D981EB243F0BA00028DD41 /* GridNode.cpp in Sources */ = {isa = PBXBuildFile; fileRef = F9D981DA243F0BA00028DD41 /* GridNode.cpp */; };
		F9D981EC243F0BA00028DD41 /* OctreeScene.cpp in Sources */ = {isa = PBXBuildFile; fileRef = F9D981DB243F0BA00028DD41 /* OctreeScene.cpp */; };
		F9D981ED243F0BA00028DD41 /* SceneNode.cpp in Sources */ = {isa = PBXBuildFile; fileRef = F9D981DC243F0BA00028DD41 /* SceneNode.cpp */; };
		F9D981EE243F0BA00028DD41 /* SceneNode.h in Headers */ = {isa = PBXBuildFile; fileRef = F9D981DD243F0BA00028DD41 /* SceneNode.h */; };
		F9D981EF243F0BA00028DD41 /* TreeNode.h in Headers */ = {isa = PBXBuildFile; fileRef = F9D981DE243F0BA00028DD41 /* TreeNode.h */; };
		F9D981F0243F0BA00028DD41 /* XmlSceneImporter.h in Headers */ = {isa = PBXBuildFile; fileRef = F9D981DF243F0BA00028DD41 /* XmlSceneImporter.h */; };
		F9D981F1243F0BA00028DD41 /* SceneImporter.cpp in Sources */ = {isa = PBXBuildFile; fileRef = F9D981E0243F0BA00028DD41 /* SceneImporter.cpp */; };
		F9D981F2243F0BA00028DD41 /* SceneGlobal.h in Headers */ = {isa = PBXBuildFile; fileRef = F9D981E1243F0BA00028DD41 /* SceneGlobal.h */; };
		F9D981F3243F0BA00028DD41 /* GridNode.h in Headers */ = {isa = PBXBuildFile; fileRef = F9D981E2243F0BA00028DD41 /* GridNode.h */; };
		F9D981F4243F0BA00028DD41 /* SceneCamera.h in Headers */ = {isa = PBXBuildFile; fileRef = F9D981E3243F0BA00028DD41 /* SceneCamera.h */; };
		F9D981F5243F0BA00028DD41 /* TreeNode.cpp in Sources */ = {isa = PBXBuildFile; fileRef = F9D981E4243F0BA00028DD41 /* TreeNode.cpp */; };
		F9D981F6243F0BA00028DD41 /* OctreeScene.h in Headers */ = {isa = PBXBuildFile; fileRef = F9D981E5243F0BA00028DD41 /* OctreeScene.h */; };
		F9D981F7243F0BA00028DD41 /* SceneImporter.h in Headers */ = {isa = PBXBuildFile; fileRef = F9D981E6243F0BA00028DD41 /* SceneImporter.h */; };
		F9D981F8243F0BA00028DD41 /* XmlSceneImporter.cpp in Sources */ = {isa = PBXBuildFile; fileRef = F9D981E7243F0BA00028DD41 /* XmlSceneImporter.cpp */; };
		F9D981F9243F0BA00028DD41 /* SceneMgr.cpp in Sources */ = {isa = PBXBuildFile; fileRef = F9D981E8243F0BA00028DD41 /* SceneMgr.cpp */; };
		F9D98208243F0BC10028DD41 /* RenderSprite.cpp in Sources */ = {isa = PBXBuildFile; fileRef = F9D981FB243F0BC10028DD41 /* RenderSprite.cpp */; };
		F9D98209243F0BC10028DD41 /* RenderFont.cpp in Sources */ = {isa = PBXBuildFile; fileRef = F9D981FC243F0BC10028DD41 /* RenderFont.cpp */; };
		F9D9820A243F0BC10028DD41 /* UIDefine.h in Headers */ = {isa = PBXBuildFile; fileRef = F9D981FD243F0BC10028DD41 /* UIDefine.h */; };
		F9D9820B243F0BC10028DD41 /* DesktopGlobal.h in Headers */ = {isa = PBXBuildFile; fileRef = F9D981FE243F0BC10028DD41 /* DesktopGlobal.h */; };
		F9D9820C243F0BC10028DD41 /* DesktopMgr.cpp in Sources */ = {isa = PBXBuildFile; fileRef = F9D981FF243F0BC10028DD41 /* DesktopMgr.cpp */; };
		F9D9820D243F0BC10028DD41 /* RenderFont.h in Headers */ = {isa = PBXBuildFile; fileRef = F9D98200243F0BC10028DD41 /* RenderFont.h */; };
		F9D9820E243F0BC10028DD41 /* IControlViewer.h in Headers */ = {isa = PBXBuildFile; fileRef = F9D98201243F0BC10028DD41 /* IControlViewer.h */; };
		F9D9820F243F0BC10028DD41 /* RenderImage.cpp in Sources */ = {isa = PBXBuildFile; fileRef = F9D98202243F0BC10028DD41 /* RenderImage.cpp */; };
		F9D98210243F0BC10028DD41 /* DesktopMgr.h in Headers */ = {isa = PBXBuildFile; fileRef = F9D98203243F0BC10028DD41 /* DesktopMgr.h */; };
		F9D98211243F0BC10028DD41 /* FontTextureManager.cpp in Sources */ = {isa = PBXBuildFile; fileRef = F9D98204243F0BC10028DD41 /* FontTextureManager.cpp */; };
		F9D98212243F0BC10028DD41 /* FontTextureManager.h in Headers */ = {isa = PBXBuildFile; fileRef = F9D98205243F0BC10028DD41 /* FontTextureManager.h */; };
		F9D98213243F0BC10028DD41 /* RenderSprite.h in Headers */ = {isa = PBXBuildFile; fileRef = F9D98206243F0BC10028DD41 /* RenderSprite.h */; };
		F9D98214243F0BC10028DD41 /* RenderImage.h in Headers */ = {isa = PBXBuildFile; fileRef = F9D98207243F0BC10028DD41 /* RenderImage.h */; };
		F9D98228243F0BDD0028DD41 /* Button.cpp in Sources */ = {isa = PBXBuildFile; fileRef = F9D98216243F0BDC0028DD41 /* Button.cpp */; };
		F9D98229243F0BDD0028DD41 /* Slider.h in Headers */ = {isa = PBXBuildFile; fileRef = F9D98217243F0BDC0028DD41 /* Slider.h */; };
		F9D9822A243F0BDD0028DD41 /* Frame.h in Headers */ = {isa = PBXBuildFile; fileRef = F9D98218243F0BDC0028DD41 /* Frame.h */; };
		F9D9822B243F0BDD0028DD41 /* FontString.h in Headers */ = {isa = PBXBuildFile; fileRef = F9D98219243F0BDC0028DD41 /* FontString.h */; };
		F9D9822C243F0BDD0028DD41 /* Texture.h in Headers */ = {isa = PBXBuildFile; fileRef = F9D9821A243F0BDC0028DD41 /* Texture.h */; };
		F9D9822D243F0BDD0028DD41 /* FontString.cpp in Sources */ = {isa = PBXBuildFile; fileRef = F9D9821B243F0BDC0028DD41 /* FontString.cpp */; };
		F9D9822E243F0BDD0028DD41 /* Frame.cpp in Sources */ = {isa = PBXBuildFile; fileRef = F9D9821C243F0BDC0028DD41 /* Frame.cpp */; };
		F9D9822F243F0BDD0028DD41 /* CheckButton.h in Headers */ = {isa = PBXBuildFile; fileRef = F9D9821D243F0BDC0028DD41 /* CheckButton.h */; };
		F9D98230243F0BDD0028DD41 /* CheckButton.cpp in Sources */ = {isa = PBXBuildFile; fileRef = F9D9821E243F0BDC0028DD41 /* CheckButton.cpp */; };
		F9D98231243F0BDD0028DD41 /* UIObject.h in Headers */ = {isa = PBXBuildFile; fileRef = F9D9821F243F0BDC0028DD41 /* UIObject.h */; };
		F9D98232243F0BDD0028DD41 /* Slider.cpp in Sources */ = {isa = PBXBuildFile; fileRef = F9D98220243F0BDC0028DD41 /* Slider.cpp */; };
		F9D98233243F0BDD0028DD41 /* Progress.cpp in Sources */ = {isa = PBXBuildFile; fileRef = F9D98221243F0BDC0028DD41 /* Progress.cpp */; };
		F9D98234243F0BDD0028DD41 /* Button.h in Headers */ = {isa = PBXBuildFile; fileRef = F9D98222243F0BDC0028DD41 /* Button.h */; };
		F9D98235243F0BDD0028DD41 /* UIObject.cpp in Sources */ = {isa = PBXBuildFile; fileRef = F9D98223243F0BDD0028DD41 /* UIObject.cpp */; };
		F9D98236243F0BDD0028DD41 /* WorldFrame.h in Headers */ = {isa = PBXBuildFile; fileRef = F9D98224243F0BDD0028DD41 /* WorldFrame.h */; };
		F9D98237243F0BDD0028DD41 /* WorldFrame.cpp in Sources */ = {isa = PBXBuildFile; fileRef = F9D98225243F0BDD0028DD41 /* WorldFrame.cpp */; };
		F9D98238243F0BDD0028DD41 /* Texture.cpp in Sources */ = {isa = PBXBuildFile; fileRef = F9D98226243F0BDD0028DD41 /* Texture.cpp */; };
		F9D98239243F0BDD0028DD41 /* Progress.h in Headers */ = {isa = PBXBuildFile; fileRef = F9D98227243F0BDD0028DD41 /* Progress.h */; };
		F9D9823B243F104D0028DD41 /* libfreetype.a in Frameworks */ = {isa = PBXBuildFile; fileRef = F9D9823A243F104D0028DD41 /* libfreetype.a */; };
		F9D9823D243F106F0028DD41 /* libFreeImage.a in Frameworks */ = {isa = PBXBuildFile; fileRef = F9D9823C243F106F0028DD41 /* libFreeImage.a */; };
		F9F95FA92446F6AD0012DE8A /* MetalRenderPipeline.mm in Sources */ = {isa = PBXBuildFile; fileRef = F9F95FA52446F6AC0012DE8A /* MetalRenderPipeline.mm */; };
		F9F95FAA2446F6AD0012DE8A /* MetalRenderPipeline.h in Headers */ = {isa = PBXBuildFile; fileRef = F9F95FA62446F6AC0012DE8A /* MetalRenderPipeline.h */; };
		F9F95FAB2446F6AD0012DE8A /* MetalRenderCommand.h in Headers */ = {isa = PBXBuildFile; fileRef = F9F95FA72446F6AD0012DE8A /* MetalRenderCommand.h */; };
		F9F95FAC2446F6AD0012DE8A /* MetalRenderCommand.mm in Sources */ = {isa = PBXBuildFile; fileRef = F9F95FA82446F6AD0012DE8A /* MetalRenderCommand.mm */; };
		F9F95FAF2446F6C00012DE8A /* RenderCommand.h in Headers */ = {isa = PBXBuildFile; fileRef = F9F95FAD2446F6C00012DE8A /* RenderCommand.h */; };
		F9F95FB02446F6C00012DE8A /* RenderPipeline.h in Headers */ = {isa = PBXBuildFile; fileRef = F9F95FAE2446F6C00012DE8A /* RenderPipeline.h */; };
/* End PBXBuildFile section */

/* Begin PBXFileReference section */
		C7300B4B25DBC4150087F8BF /* BorderShine.metal */ = {isa = PBXFileReference; fileEncoding = 4; lastKnownFileType = sourcecode.metal; name = BorderShine.metal; path = ../Source/Render/Shader/Metal/BorderShine.metal; sourceTree = "<group>"; };
		C7300B4E25DBC5F70087F8BF /* Lambert.metal */ = {isa = PBXFileReference; fileEncoding = 4; lastKnownFileType = sourcecode.metal; name = Lambert.metal; path = ../Source/Render/Shader/Metal/Lambert.metal; sourceTree = "<group>"; };
		C7300B4F25DBC5F70087F8BF /* Phong.metal */ = {isa = PBXFileReference; fileEncoding = 4; lastKnownFileType = sourcecode.metal; name = Phong.metal; path = ../Source/Render/Shader/Metal/Phong.metal; sourceTree = "<group>"; };
		C7300B5025DBC5F70087F8BF /* Blinn.metal */ = {isa = PBXFileReference; fileEncoding = 4; lastKnownFileType = sourcecode.metal; name = Blinn.metal; path = ../Source/Render/Shader/Metal/Blinn.metal; sourceTree = "<group>"; };
		C7300B5525DBC6140087F8BF /* Phong.fxml */ = {isa = PBXFileReference; fileEncoding = 4; lastKnownFileType = text.xml; name = Phong.fxml; path = ../Source/Render/Shader/Phong.fxml; sourceTree = "<group>"; };
		C7300B5625DBC6140087F8BF /* BorderShine.fxml */ = {isa = PBXFileReference; fileEncoding = 4; lastKnownFileType = text.xml; name = BorderShine.fxml; path = ../Source/Render/Shader/BorderShine.fxml; sourceTree = "<group>"; };
		C7300B5725DBC6140087F8BF /* Blinn.fxml */ = {isa = PBXFileReference; fileEncoding = 4; lastKnownFileType = text.xml; name = Blinn.fxml; path = ../Source/Render/Shader/Blinn.fxml; sourceTree = "<group>"; };
		C7300B5825DBC6140087F8BF /* Lambert.fxml */ = {isa = PBXFileReference; fileEncoding = 4; lastKnownFileType = text.xml; name = Lambert.fxml; path = ../Source/Render/Shader/Lambert.fxml; sourceTree = "<group>"; };
		C7360A0F2590C2EA007D1BC9 /* RenderState.h */ = {isa = PBXFileReference; fileEncoding = 4; lastKnownFileType = sourcecode.c.h; name = RenderState.h; path = ../Source/Render/Renderer/RenderState.h; sourceTree = "<group>"; };
		C7398C1424B73A1C0092BF6E /* File.cpp */ = {isa = PBXFileReference; fileEncoding = 4; lastKnownFileType = sourcecode.cpp.cpp; name = File.cpp; path = ../Source/Core/macOS/File.cpp; sourceTree = "<group>"; };
		C7398C1524B73A1C0092BF6E /* File.h */ = {isa = PBXFileReference; fileEncoding = 4; lastKnownFileType = sourcecode.c.h; name = File.h; path = ../Source/Core/macOS/File.h; sourceTree = "<group>"; };
		C7398C1824B73A480092BF6E /* Package.cpp */ = {isa = PBXFileReference; fileEncoding = 4; lastKnownFileType = sourcecode.cpp.cpp; name = Package.cpp; path = ../Source/Core/Package.cpp; sourceTree = "<group>"; };
		C7398C1924B73A480092BF6E /* Package.h */ = {isa = PBXFileReference; fileEncoding = 4; lastKnownFileType = sourcecode.c.h; name = Package.h; path = ../Source/Core/Package.h; sourceTree = "<group>"; };
		C7398C2224B73AA50092BF6E /* RenderResourceSet.h */ = {isa = PBXFileReference; fileEncoding = 4; lastKnownFileType = sourcecode.c.h; name = RenderResourceSet.h; path = ../Source/Render/Renderer/RenderResourceSet.h; sourceTree = "<group>"; };
		C7398C2824B73BA30092BF6E /* MetalResourceSet.h */ = {isa = PBXFileReference; fileEncoding = 4; lastKnownFileType = sourcecode.c.h; name = MetalResourceSet.h; path = ../Source/Render/Renderer/Metal/MetalResourceSet.h; sourceTree = "<group>"; };
		C7398C2924B73BA30092BF6E /* MetalResourceSet.mm */ = {isa = PBXFileReference; fileEncoding = 4; lastKnownFileType = sourcecode.cpp.objcpp; name = MetalResourceSet.mm; path = ../Source/Render/Renderer/Metal/MetalResourceSet.mm; sourceTree = "<group>"; };
		C7398C3F24B7425F0092BF6E /* Skeletal.fxml */ = {isa = PBXFileReference; fileEncoding = 4; lastKnownFileType = text.xml; name = Skeletal.fxml; path = ../Source/Render/Shader/Skeletal.fxml; sourceTree = "<group>"; };
		C7398C4024B7425F0092BF6E /* Sprite3D.fxml */ = {isa = PBXFileReference; fileEncoding = 4; lastKnownFileType = text.xml; name = Sprite3D.fxml; path = ../Source/Render/Shader/Sprite3D.fxml; sourceTree = "<group>"; };
		C7398C4124B742D60092BF6E /* Sprite3D.metal */ = {isa = PBXFileReference; fileEncoding = 4; lastKnownFileType = sourcecode.metal; name = Sprite3D.metal; path = ../Source/Render/Shader/Metal/Sprite3D.metal; sourceTree = "<group>"; };
		C74F713925933E1300CC940F /* Copy.metal */ = {isa = PBXFileReference; fileEncoding = 4; lastKnownFileType = sourcecode.metal; name = Copy.metal; path = ../Source/Render/Shader/Metal/Copy.metal; sourceTree = "<group>"; };
		C74F713A25933E1300CC940F /* Skeletal.metal */ = {isa = PBXFileReference; fileEncoding = 4; lastKnownFileType = sourcecode.metal; name = Skeletal.metal; path = ../Source/Render/Shader/Metal/Skeletal.metal; sourceTree = "<group>"; };
		C74F713C25933E1300CC940F /* Font.metal */ = {isa = PBXFileReference; fileEncoding = 4; lastKnownFileType = sourcecode.metal; name = Font.metal; path = ../Source/Render/Shader/Metal/Font.metal; sourceTree = "<group>"; };
		C74F7144259340F900CC940F /* Sprite2D.metal */ = {isa = PBXFileReference; fileEncoding = 4; lastKnownFileType = sourcecode.metal; name = Sprite2D.metal; path = ../Source/Render/Shader/Metal/Sprite2D.metal; sourceTree = "<group>"; };
		C75C81112450242A00CCEE69 /* RenderProgram.h */ = {isa = PBXFileReference; fileEncoding = 4; lastKnownFileType = sourcecode.c.h; name = RenderProgram.h; path = ../Source/Render/Renderer/RenderProgram.h; sourceTree = "<group>"; };
		C75C8117245ABBF300CCEE69 /* MetalUtils.h */ = {isa = PBXFileReference; fileEncoding = 4; lastKnownFileType = sourcecode.c.h; name = MetalUtils.h; path = ../Source/Render/Renderer/Metal/MetalUtils.h; sourceTree = "<group>"; };
		C769A94124654C3600C30621 /* MetalViewRenderTarget.mm */ = {isa = PBXFileReference; fileEncoding = 4; lastKnownFileType = sourcecode.cpp.objcpp; name = MetalViewRenderTarget.mm; path = ../Source/Render/Renderer/Metal/MetalViewRenderTarget.mm; sourceTree = "<group>"; };
		C769A94224654C3700C30621 /* MetalViewRenderTarget.h */ = {isa = PBXFileReference; fileEncoding = 4; lastKnownFileType = sourcecode.c.h; name = MetalViewRenderTarget.h; path = ../Source/Render/Renderer/Metal/MetalViewRenderTarget.h; sourceTree = "<group>"; };
		C769A9452465514800C30621 /* IMetalCommandFactory.h */ = {isa = PBXFileReference; fileEncoding = 4; lastKnownFileType = sourcecode.c.h; name = IMetalCommandFactory.h; path = ../Source/Render/Renderer/Metal/IMetalCommandFactory.h; sourceTree = "<group>"; };
		C7C6A11924754CF40001D9FF /* RenderObject.cpp */ = {isa = PBXFileReference; fileEncoding = 4; lastKnownFileType = sourcecode.cpp.cpp; name = RenderObject.cpp; path = ../Source/Render/RenderObject.cpp; sourceTree = "<group>"; };
		C7C6A11A24754CF40001D9FF /* RenderObject.h */ = {isa = PBXFileReference; fileEncoding = 4; lastKnownFileType = sourcecode.c.h; name = RenderObject.h; path = ../Source/Render/RenderObject.h; sourceTree = "<group>"; };
		C7D05C2825ECE1BC0053CA02 /* RenderHelper.h */ = {isa = PBXFileReference; fileEncoding = 4; lastKnownFileType = sourcecode.c.h; name = RenderHelper.h; path = ../Source/Render/RenderHelper.h; sourceTree = "<group>"; };
		C7D05C2925ECE1BC0053CA02 /* RenderHelper.cpp */ = {isa = PBXFileReference; fileEncoding = 4; lastKnownFileType = sourcecode.cpp.cpp; name = RenderHelper.cpp; path = ../Source/Render/RenderHelper.cpp; sourceTree = "<group>"; };
		F90BE5762435C21B0018A7F2 /* libEngine.a */ = {isa = PBXFileReference; explicitFileType = archive.ar; includeInIndex = 0; path = libEngine.a; sourceTree = BUILT_PRODUCTS_DIR; };
		F97F83E8243734400002DFF0 /* CompileConfig.h */ = {isa = PBXFileReference; fileEncoding = 4; lastKnownFileType = sourcecode.c.h; name = CompileConfig.h; path = ../Source/CompileConfig.h; sourceTree = "<group>"; };
		F97F83EA243734400002DFF0 /* PreCompile.h */ = {isa = PBXFileReference; fileEncoding = 4; lastKnownFileType = sourcecode.c.h; name = PreCompile.h; path = ../Source/PreCompile.h; sourceTree = "<group>"; };
		F97F842E243C2BD50002DFF0 /* main.mm */ = {isa = PBXFileReference; fileEncoding = 4; lastKnownFileType = sourcecode.cpp.objcpp; name = main.mm; path = ../Source/Core/macOS/main.mm; sourceTree = "<group>"; };
		F97F8480243C507B0002DFF0 /* Pharos.h */ = {isa = PBXFileReference; fileEncoding = 4; lastKnownFileType = sourcecode.c.h; name = Pharos.h; path = ../Source/Pharos.h; sourceTree = "<group>"; };
		F97F8481243C507B0002DFF0 /* TypesDef.h */ = {isa = PBXFileReference; fileEncoding = 4; lastKnownFileType = sourcecode.c.h; name = TypesDef.h; path = ../Source/TypesDef.h; sourceTree = "<group>"; };
		F97F8484243C51FD0002DFF0 /* EventDefine.h */ = {isa = PBXFileReference; fileEncoding = 4; lastKnownFileType = sourcecode.c.h; name = EventDefine.h; path = ../Source/Core/EventDefine.h; sourceTree = "<group>"; };
		F97F8485243C51FD0002DFF0 /* IApplication.h */ = {isa = PBXFileReference; fileEncoding = 4; lastKnownFileType = sourcecode.c.h; name = IApplication.h; path = ../Source/Core/IApplication.h; sourceTree = "<group>"; };
		F97F848C243C65870002DFF0 /* PlatformMacOS.h */ = {isa = PBXFileReference; fileEncoding = 4; lastKnownFileType = sourcecode.c.h; name = PlatformMacOS.h; path = ../Source/Core/macOS/PlatformMacOS.h; sourceTree = "<group>"; };
		F97F848D243C65870002DFF0 /* PlatformMacOS.mm */ = {isa = PBXFileReference; fileEncoding = 4; lastKnownFileType = sourcecode.cpp.objcpp; name = PlatformMacOS.mm; path = ../Source/Core/macOS/PlatformMacOS.mm; sourceTree = "<group>"; };
		F97F8490243C66500002DFF0 /* CoreGlobal.h */ = {isa = PBXFileReference; fileEncoding = 4; lastKnownFileType = sourcecode.c.h; name = CoreGlobal.h; path = ../Source/Core/CoreGlobal.h; sourceTree = "<group>"; };
		F97F8493243C7CC20002DFF0 /* Cocoa.framework */ = {isa = PBXFileReference; lastKnownFileType = wrapper.framework; name = Cocoa.framework; path = System/Library/Frameworks/Cocoa.framework; sourceTree = SDKROOT; };
		F97F8495243C7CE60002DFF0 /* AppKit.framework */ = {isa = PBXFileReference; lastKnownFileType = wrapper.framework; name = AppKit.framework; path = System/Library/Frameworks/AppKit.framework; sourceTree = SDKROOT; };
		F97F8499243C7E730002DFF0 /* Timer.cpp */ = {isa = PBXFileReference; fileEncoding = 4; lastKnownFileType = sourcecode.cpp.cpp; name = Timer.cpp; path = ../Source/Core/macOS/Timer.cpp; sourceTree = "<group>"; };
		F97F849B243C7E740002DFF0 /* Timer.h */ = {isa = PBXFileReference; fileEncoding = 4; lastKnownFileType = sourcecode.c.h; name = Timer.h; path = ../Source/Core/macOS/Timer.h; sourceTree = "<group>"; };
		F97F84BE243D7E5A0002DFF0 /* Path.h */ = {isa = PBXFileReference; fileEncoding = 4; lastKnownFileType = sourcecode.c.h; name = Path.h; path = ../Source/Utils/Path.h; sourceTree = "<group>"; };
		F97F84BF243D7E5A0002DFF0 /* Factory.h */ = {isa = PBXFileReference; fileEncoding = 4; lastKnownFileType = sourcecode.c.h; name = Factory.h; path = ../Source/Utils/Factory.h; sourceTree = "<group>"; };
		F97F84C0243D7E5A0002DFF0 /* Singleton.h */ = {isa = PBXFileReference; fileEncoding = 4; lastKnownFileType = sourcecode.c.h; name = Singleton.h; path = ../Source/Utils/Singleton.h; sourceTree = "<group>"; };
		F97F84C1243D7E5A0002DFF0 /* Thread.h */ = {isa = PBXFileReference; fileEncoding = 4; lastKnownFileType = sourcecode.c.h; name = Thread.h; path = ../Source/Utils/Thread.h; sourceTree = "<group>"; };
		F97F84C2243D7E5A0002DFF0 /* Util.h */ = {isa = PBXFileReference; fileEncoding = 4; lastKnownFileType = sourcecode.c.h; name = Util.h; path = ../Source/Utils/Util.h; sourceTree = "<group>"; };
		F97F84CB243D7E6E0002DFF0 /* Color.h */ = {isa = PBXFileReference; fileEncoding = 4; lastKnownFileType = sourcecode.c.h; name = Color.h; path = ../Source/Math/Color.h; sourceTree = "<group>"; };
		F97F84CC243D7E6E0002DFF0 /* Vector3D.h */ = {isa = PBXFileReference; fileEncoding = 4; lastKnownFileType = sourcecode.c.h; name = Vector3D.h; path = ../Source/Math/Vector3D.h; sourceTree = "<group>"; };
		F97F84CD243D7E6E0002DFF0 /* DualQuaternion.h */ = {isa = PBXFileReference; fileEncoding = 4; lastKnownFileType = sourcecode.c.h; name = DualQuaternion.h; path = ../Source/Math/DualQuaternion.h; sourceTree = "<group>"; };
		F97F84CE243D7E6E0002DFF0 /* Quaternion.h */ = {isa = PBXFileReference; fileEncoding = 4; lastKnownFileType = sourcecode.c.h; name = Quaternion.h; path = ../Source/Math/Quaternion.h; sourceTree = "<group>"; };
		F97F84CF243D7E6E0002DFF0 /* AABBox3D.h */ = {isa = PBXFileReference; fileEncoding = 4; lastKnownFileType = sourcecode.c.h; name = AABBox3D.h; path = ../Source/Math/AABBox3D.h; sourceTree = "<group>"; };
		F97F84D0243D7E6E0002DFF0 /* Vector2D.h */ = {isa = PBXFileReference; fileEncoding = 4; lastKnownFileType = sourcecode.c.h; name = Vector2D.h; path = ../Source/Math/Vector2D.h; sourceTree = "<group>"; };
		F97F84D1243D7E6E0002DFF0 /* Matrix4.h */ = {isa = PBXFileReference; fileEncoding = 4; lastKnownFileType = sourcecode.c.h; name = Matrix4.h; path = ../Source/Math/Matrix4.h; sourceTree = "<group>"; };
		F97F84D3243D7E6E0002DFF0 /* Point2D.h */ = {isa = PBXFileReference; fileEncoding = 4; lastKnownFileType = sourcecode.c.h; name = Point2D.h; path = ../Source/Math/Point2D.h; sourceTree = "<group>"; };
		F97F84D4243D7E6E0002DFF0 /* Triangle3D.h */ = {isa = PBXFileReference; fileEncoding = 4; lastKnownFileType = sourcecode.c.h; name = Triangle3D.h; path = ../Source/Math/Triangle3D.h; sourceTree = "<group>"; };
		F97F84D5243D7E6E0002DFF0 /* Plane3D.h */ = {isa = PBXFileReference; fileEncoding = 4; lastKnownFileType = sourcecode.c.h; name = Plane3D.h; path = ../Source/Math/Plane3D.h; sourceTree = "<group>"; };
		F97F84D6243D7E6E0002DFF0 /* Geometry.h */ = {isa = PBXFileReference; fileEncoding = 4; lastKnownFileType = sourcecode.c.h; name = Geometry.h; path = ../Source/Math/Geometry.h; sourceTree = "<group>"; };
		F97F84D7243D7E6E0002DFF0 /* Size2D.h */ = {isa = PBXFileReference; fileEncoding = 4; lastKnownFileType = sourcecode.c.h; name = Size2D.h; path = ../Source/Math/Size2D.h; sourceTree = "<group>"; };
		F97F84D8243D7E6E0002DFF0 /* Line2D.h */ = {isa = PBXFileReference; fileEncoding = 4; lastKnownFileType = sourcecode.c.h; name = Line2D.h; path = ../Source/Math/Line2D.h; sourceTree = "<group>"; };
		F97F84D9243D7E6E0002DFF0 /* Vector4D.h */ = {isa = PBXFileReference; fileEncoding = 4; lastKnownFileType = sourcecode.c.h; name = Vector4D.h; path = ../Source/Math/Vector4D.h; sourceTree = "<group>"; };
		F97F84DA243D7E6E0002DFF0 /* Common.h */ = {isa = PBXFileReference; fileEncoding = 4; lastKnownFileType = sourcecode.c.h; name = Common.h; path = ../Source/Math/Common.h; sourceTree = "<group>"; };
		F97F84DB243D7E6F0002DFF0 /* Line3D.h */ = {isa = PBXFileReference; fileEncoding = 4; lastKnownFileType = sourcecode.c.h; name = Line3D.h; path = ../Source/Math/Line3D.h; sourceTree = "<group>"; };
		F97F84DC243D7E6F0002DFF0 /* Frustum.h */ = {isa = PBXFileReference; fileEncoding = 4; lastKnownFileType = sourcecode.c.h; name = Frustum.h; path = ../Source/Math/Frustum.h; sourceTree = "<group>"; };
		F97F84DD243D7E6F0002DFF0 /* Rect2D.h */ = {isa = PBXFileReference; fileEncoding = 4; lastKnownFileType = sourcecode.c.h; name = Rect2D.h; path = ../Source/Math/Rect2D.h; sourceTree = "<group>"; };
		F97F84FD243DB4300002DFF0 /* Kernel.h */ = {isa = PBXFileReference; fileEncoding = 4; lastKnownFileType = sourcecode.c.h; name = Kernel.h; path = ../Source/Core/Kernel.h; sourceTree = "<group>"; };
		F97F84FE243DB4300002DFF0 /* Kernel.cpp */ = {isa = PBXFileReference; fileEncoding = 4; lastKnownFileType = sourcecode.cpp.cpp; name = Kernel.cpp; path = ../Source/Core/Kernel.cpp; sourceTree = "<group>"; };
		F9D9811C243EFB110028DD41 /* MetalRenderer.mm */ = {isa = PBXFileReference; fileEncoding = 4; lastKnownFileType = sourcecode.cpp.objcpp; name = MetalRenderer.mm; path = ../Source/Render/Renderer/Metal/MetalRenderer.mm; sourceTree = "<group>"; };
		F9D9811D243EFB110028DD41 /* MetalRenderer.h */ = {isa = PBXFileReference; fileEncoding = 4; lastKnownFileType = sourcecode.c.h; name = MetalRenderer.h; path = ../Source/Render/Renderer/Metal/MetalRenderer.h; sourceTree = "<group>"; };
		F9D98121243EFB560028DD41 /* RenderMgr.cpp */ = {isa = PBXFileReference; fileEncoding = 4; lastKnownFileType = sourcecode.cpp.cpp; name = RenderMgr.cpp; path = ../Source/Render/RenderMgr.cpp; sourceTree = "<group>"; };
		F9D98122243EFB560028DD41 /* RenderGlobal.h */ = {isa = PBXFileReference; fileEncoding = 4; lastKnownFileType = sourcecode.c.h; name = RenderGlobal.h; path = ../Source/Render/RenderGlobal.h; sourceTree = "<group>"; };
		F9D98123243EFB560028DD41 /* RenderMgr.h */ = {isa = PBXFileReference; fileEncoding = 4; lastKnownFileType = sourcecode.c.h; name = RenderMgr.h; path = ../Source/Render/RenderMgr.h; sourceTree = "<group>"; };
		F9D9812C243EFCD60028DD41 /* Renderer.h */ = {isa = PBXFileReference; fileEncoding = 4; lastKnownFileType = sourcecode.c.h; name = Renderer.h; path = ../Source/Render/Renderer/Renderer.h; sourceTree = "<group>"; };
		F9D9812D243EFCD60028DD41 /* RenderBuffer.h */ = {isa = PBXFileReference; fileEncoding = 4; lastKnownFileType = sourcecode.c.h; name = RenderBuffer.h; path = ../Source/Render/Renderer/RenderBuffer.h; sourceTree = "<group>"; };
		F9D9812F243EFCD70028DD41 /* RenderTarget.h */ = {isa = PBXFileReference; fileEncoding = 4; lastKnownFileType = sourcecode.c.h; name = RenderTarget.h; path = ../Source/Render/Renderer/RenderTarget.h; sourceTree = "<group>"; };
		F9D98130243EFCD70028DD41 /* RenderTexture.h */ = {isa = PBXFileReference; fileEncoding = 4; lastKnownFileType = sourcecode.c.h; name = RenderTexture.h; path = ../Source/Render/Renderer/RenderTexture.h; sourceTree = "<group>"; };
		F9D9813E243EFCEF0028DD41 /* Skeleton.cpp */ = {isa = PBXFileReference; fileEncoding = 4; lastKnownFileType = sourcecode.cpp.cpp; name = Skeleton.cpp; path = ../Source/Render/Skeleton.cpp; sourceTree = "<group>"; };
		F9D9813F243EFCEF0028DD41 /* Animation.h */ = {isa = PBXFileReference; fileEncoding = 4; lastKnownFileType = sourcecode.c.h; name = Animation.h; path = ../Source/Render/Animation.h; sourceTree = "<group>"; };
		F9D98141243EFCEF0028DD41 /* Model.cpp */ = {isa = PBXFileReference; fileEncoding = 4; lastKnownFileType = sourcecode.cpp.cpp; name = Model.cpp; path = ../Source/Render/Model.cpp; sourceTree = "<group>"; };
		F9D98142243EFCEF0028DD41 /* Material.cpp */ = {isa = PBXFileReference; fileEncoding = 4; lastKnownFileType = sourcecode.cpp.cpp; name = Material.cpp; path = ../Source/Render/Material.cpp; sourceTree = "<group>"; };
		F9D98143243EFCEF0028DD41 /* Mesh.cpp */ = {isa = PBXFileReference; fileEncoding = 4; lastKnownFileType = sourcecode.cpp.cpp; name = Mesh.cpp; path = ../Source/Render/Mesh.cpp; sourceTree = "<group>"; };
		F9D98144243EFCEF0028DD41 /* RenderDefine.h */ = {isa = PBXFileReference; fileEncoding = 4; lastKnownFileType = sourcecode.c.h; name = RenderDefine.h; path = ../Source/Render/RenderDefine.h; sourceTree = "<group>"; };
		F9D98145243EFCEF0028DD41 /* Model.h */ = {isa = PBXFileReference; fileEncoding = 4; lastKnownFileType = sourcecode.c.h; name = Model.h; path = ../Source/Render/Model.h; sourceTree = "<group>"; };
		F9D98146243EFCEF0028DD41 /* Mesh.h */ = {isa = PBXFileReference; fileEncoding = 4; lastKnownFileType = sourcecode.c.h; name = Mesh.h; path = ../Source/Render/Mesh.h; sourceTree = "<group>"; };
		F9D98147243EFCEF0028DD41 /* Skeleton.h */ = {isa = PBXFileReference; fileEncoding = 4; lastKnownFileType = sourcecode.c.h; name = Skeleton.h; path = ../Source/Render/Skeleton.h; sourceTree = "<group>"; };
		F9D98148243EFCEF0028DD41 /* IRenderCallback.h */ = {isa = PBXFileReference; fileEncoding = 4; lastKnownFileType = sourcecode.c.h; name = IRenderCallback.h; path = ../Source/Render/IRenderCallback.h; sourceTree = "<group>"; };
		F9D98149243EFCEF0028DD41 /* VertexDefine.h */ = {isa = PBXFileReference; fileEncoding = 4; lastKnownFileType = sourcecode.c.h; name = VertexDefine.h; path = ../Source/Render/VertexDefine.h; sourceTree = "<group>"; };
		F9D9814A243EFCEF0028DD41 /* Animation.cpp */ = {isa = PBXFileReference; fileEncoding = 4; lastKnownFileType = sourcecode.cpp.cpp; name = Animation.cpp; path = ../Source/Render/Animation.cpp; sourceTree = "<group>"; };
		F9D9814B243EFCEF0028DD41 /* Material.h */ = {isa = PBXFileReference; fileEncoding = 4; lastKnownFileType = sourcecode.c.h; name = Material.h; path = ../Source/Render/Material.h; sourceTree = "<group>"; };
		F9D9818F243EFF6B0028DD41 /* MetalShaderProgram.mm */ = {isa = PBXFileReference; fileEncoding = 4; lastKnownFileType = sourcecode.cpp.objcpp; name = MetalShaderProgram.mm; path = ../Source/Render/Renderer/Metal/MetalShaderProgram.mm; sourceTree = "<group>"; };
		F9D98190243EFF6B0028DD41 /* MetalRenderTexture.h */ = {isa = PBXFileReference; fileEncoding = 4; lastKnownFileType = sourcecode.c.h; name = MetalRenderTexture.h; path = ../Source/Render/Renderer/Metal/MetalRenderTexture.h; sourceTree = "<group>"; };
		F9D98192243EFF6B0028DD41 /* MetalRenderTarget.mm */ = {isa = PBXFileReference; fileEncoding = 4; lastKnownFileType = sourcecode.cpp.objcpp; name = MetalRenderTarget.mm; path = ../Source/Render/Renderer/Metal/MetalRenderTarget.mm; sourceTree = "<group>"; };
		F9D98193243EFF6B0028DD41 /* MetalRenderTarget.h */ = {isa = PBXFileReference; fileEncoding = 4; lastKnownFileType = sourcecode.c.h; name = MetalRenderTarget.h; path = ../Source/Render/Renderer/Metal/MetalRenderTarget.h; sourceTree = "<group>"; };
		F9D98195243EFF6B0028DD41 /* MetalRenderBuffer.h */ = {isa = PBXFileReference; fileEncoding = 4; lastKnownFileType = sourcecode.c.h; name = MetalRenderBuffer.h; path = ../Source/Render/Renderer/Metal/MetalRenderBuffer.h; sourceTree = "<group>"; };
		F9D98196243EFF6B0028DD41 /* MetalRenderTexture.mm */ = {isa = PBXFileReference; fileEncoding = 4; lastKnownFileType = sourcecode.cpp.objcpp; name = MetalRenderTexture.mm; path = ../Source/Render/Renderer/Metal/MetalRenderTexture.mm; sourceTree = "<group>"; };
		F9D98199243EFF6B0028DD41 /* MetalShaderProgram.h */ = {isa = PBXFileReference; fileEncoding = 4; lastKnownFileType = sourcecode.c.h; name = MetalShaderProgram.h; path = ../Source/Render/Renderer/Metal/MetalShaderProgram.h; sourceTree = "<group>"; };
		F9D9819E243EFF6B0028DD41 /* MetalRenderBuffer.mm */ = {isa = PBXFileReference; fileEncoding = 4; lastKnownFileType = sourcecode.cpp.objcpp; name = MetalRenderBuffer.mm; path = ../Source/Render/Renderer/Metal/MetalRenderBuffer.mm; sourceTree = "<group>"; };
		F9D981B3243F06180028DD41 /* XmlAttribute.cpp */ = {isa = PBXFileReference; fileEncoding = 4; lastKnownFileType = sourcecode.cpp.cpp; name = XmlAttribute.cpp; path = ../Source/Core/XmlAttribute.cpp; sourceTree = "<group>"; };
		F9D981B4243F06180028DD41 /* Image.cpp */ = {isa = PBXFileReference; fileEncoding = 4; lastKnownFileType = sourcecode.cpp.cpp; name = Image.cpp; path = ../Source/Core/Image.cpp; sourceTree = "<group>"; };
		F9D981B5243F06180028DD41 /* XmlNode.h */ = {isa = PBXFileReference; fileEncoding = 4; lastKnownFileType = sourcecode.c.h; name = XmlNode.h; path = ../Source/Core/XmlNode.h; sourceTree = "<group>"; };
		F9D981B6243F06180028DD41 /* Properties.h */ = {isa = PBXFileReference; fileEncoding = 4; lastKnownFileType = sourcecode.c.h; name = Properties.h; path = ../Source/Core/Properties.h; sourceTree = "<group>"; };
		F9D981B7243F06180028DD41 /* Font.h */ = {isa = PBXFileReference; fileEncoding = 4; lastKnownFileType = sourcecode.c.h; name = Font.h; path = ../Source/Core/Font.h; sourceTree = "<group>"; };
		F9D981B8243F06180028DD41 /* XmlAttribute.h */ = {isa = PBXFileReference; fileEncoding = 4; lastKnownFileType = sourcecode.c.h; name = XmlAttribute.h; path = ../Source/Core/XmlAttribute.h; sourceTree = "<group>"; };
		F9D981B9243F06180028DD41 /* XmlDocument.cpp */ = {isa = PBXFileReference; fileEncoding = 4; lastKnownFileType = sourcecode.cpp.cpp; name = XmlDocument.cpp; path = ../Source/Core/XmlDocument.cpp; sourceTree = "<group>"; };
		F9D981BA243F06180028DD41 /* ResourceManager.cpp */ = {isa = PBXFileReference; fileEncoding = 4; lastKnownFileType = sourcecode.cpp.cpp; name = ResourceManager.cpp; path = ../Source/Core/ResourceManager.cpp; sourceTree = "<group>"; };
		F9D981BB243F06190028DD41 /* Font.cpp */ = {isa = PBXFileReference; fileEncoding = 4; lastKnownFileType = sourcecode.cpp.cpp; name = Font.cpp; path = ../Source/Core/Font.cpp; sourceTree = "<group>"; };
		F9D981BC243F06190028DD41 /* ResBase.h */ = {isa = PBXFileReference; fileEncoding = 4; lastKnownFileType = sourcecode.c.h; name = ResBase.h; path = ../Source/Core/ResBase.h; sourceTree = "<group>"; };
		F9D981BE243F06190028DD41 /* Image.h */ = {isa = PBXFileReference; fileEncoding = 4; lastKnownFileType = sourcecode.c.h; name = Image.h; path = ../Source/Core/Image.h; sourceTree = "<group>"; };
		F9D981BF243F06190028DD41 /* XmlDocument.h */ = {isa = PBXFileReference; fileEncoding = 4; lastKnownFileType = sourcecode.c.h; name = XmlDocument.h; path = ../Source/Core/XmlDocument.h; sourceTree = "<group>"; };
		F9D981C0243F06190028DD41 /* XmlNode.cpp */ = {isa = PBXFileReference; fileEncoding = 4; lastKnownFileType = sourcecode.cpp.cpp; name = XmlNode.cpp; path = ../Source/Core/XmlNode.cpp; sourceTree = "<group>"; };
		F9D981C1243F06190028DD41 /* MemoryBuffer.cpp */ = {isa = PBXFileReference; fileEncoding = 4; lastKnownFileType = sourcecode.cpp.cpp; name = MemoryBuffer.cpp; path = ../Source/Core/MemoryBuffer.cpp; sourceTree = "<group>"; };
		F9D981C2243F06190028DD41 /* ResourceManager.h */ = {isa = PBXFileReference; fileEncoding = 4; lastKnownFileType = sourcecode.c.h; name = ResourceManager.h; path = ../Source/Core/ResourceManager.h; sourceTree = "<group>"; };
		F9D981C3243F06190028DD41 /* MemoryBuffer.h */ = {isa = PBXFileReference; fileEncoding = 4; lastKnownFileType = sourcecode.c.h; name = MemoryBuffer.h; path = ../Source/Core/MemoryBuffer.h; sourceTree = "<group>"; };
		F9D981C4243F06190028DD41 /* Properties.cpp */ = {isa = PBXFileReference; fileEncoding = 4; lastKnownFileType = sourcecode.cpp.cpp; name = Properties.cpp; path = ../Source/Core/Properties.cpp; sourceTree = "<group>"; };
		F9D981D8243F0BA00028DD41 /* SceneMgr.h */ = {isa = PBXFileReference; fileEncoding = 4; lastKnownFileType = sourcecode.c.h; name = SceneMgr.h; path = ../Source/Scene/SceneMgr.h; sourceTree = "<group>"; };
		F9D981D9243F0BA00028DD41 /* SceneCamera.cpp */ = {isa = PBXFileReference; fileEncoding = 4; lastKnownFileType = sourcecode.cpp.cpp; name = SceneCamera.cpp; path = ../Source/Scene/SceneCamera.cpp; sourceTree = "<group>"; };
		F9D981DA243F0BA00028DD41 /* GridNode.cpp */ = {isa = PBXFileReference; fileEncoding = 4; lastKnownFileType = sourcecode.cpp.cpp; name = GridNode.cpp; path = ../Source/Scene/GridNode.cpp; sourceTree = "<group>"; };
		F9D981DB243F0BA00028DD41 /* OctreeScene.cpp */ = {isa = PBXFileReference; fileEncoding = 4; lastKnownFileType = sourcecode.cpp.cpp; name = OctreeScene.cpp; path = ../Source/Scene/OctreeScene.cpp; sourceTree = "<group>"; };
		F9D981DC243F0BA00028DD41 /* SceneNode.cpp */ = {isa = PBXFileReference; fileEncoding = 4; lastKnownFileType = sourcecode.cpp.cpp; name = SceneNode.cpp; path = ../Source/Scene/SceneNode.cpp; sourceTree = "<group>"; };
		F9D981DD243F0BA00028DD41 /* SceneNode.h */ = {isa = PBXFileReference; fileEncoding = 4; lastKnownFileType = sourcecode.c.h; name = SceneNode.h; path = ../Source/Scene/SceneNode.h; sourceTree = "<group>"; };
		F9D981DE243F0BA00028DD41 /* TreeNode.h */ = {isa = PBXFileReference; fileEncoding = 4; lastKnownFileType = sourcecode.c.h; name = TreeNode.h; path = ../Source/Scene/TreeNode.h; sourceTree = "<group>"; };
		F9D981DF243F0BA00028DD41 /* XmlSceneImporter.h */ = {isa = PBXFileReference; fileEncoding = 4; lastKnownFileType = sourcecode.c.h; name = XmlSceneImporter.h; path = ../Source/Scene/XmlSceneImporter.h; sourceTree = "<group>"; };
		F9D981E0243F0BA00028DD41 /* SceneImporter.cpp */ = {isa = PBXFileReference; fileEncoding = 4; lastKnownFileType = sourcecode.cpp.cpp; name = SceneImporter.cpp; path = ../Source/Scene/SceneImporter.cpp; sourceTree = "<group>"; };
		F9D981E1243F0BA00028DD41 /* SceneGlobal.h */ = {isa = PBXFileReference; fileEncoding = 4; lastKnownFileType = sourcecode.c.h; name = SceneGlobal.h; path = ../Source/Scene/SceneGlobal.h; sourceTree = "<group>"; };
		F9D981E2243F0BA00028DD41 /* GridNode.h */ = {isa = PBXFileReference; fileEncoding = 4; lastKnownFileType = sourcecode.c.h; name = GridNode.h; path = ../Source/Scene/GridNode.h; sourceTree = "<group>"; };
		F9D981E3243F0BA00028DD41 /* SceneCamera.h */ = {isa = PBXFileReference; fileEncoding = 4; lastKnownFileType = sourcecode.c.h; name = SceneCamera.h; path = ../Source/Scene/SceneCamera.h; sourceTree = "<group>"; };
		F9D981E4243F0BA00028DD41 /* TreeNode.cpp */ = {isa = PBXFileReference; fileEncoding = 4; lastKnownFileType = sourcecode.cpp.cpp; name = TreeNode.cpp; path = ../Source/Scene/TreeNode.cpp; sourceTree = "<group>"; };
		F9D981E5243F0BA00028DD41 /* OctreeScene.h */ = {isa = PBXFileReference; fileEncoding = 4; lastKnownFileType = sourcecode.c.h; name = OctreeScene.h; path = ../Source/Scene/OctreeScene.h; sourceTree = "<group>"; };
		F9D981E6243F0BA00028DD41 /* SceneImporter.h */ = {isa = PBXFileReference; fileEncoding = 4; lastKnownFileType = sourcecode.c.h; name = SceneImporter.h; path = ../Source/Scene/SceneImporter.h; sourceTree = "<group>"; };
		F9D981E7243F0BA00028DD41 /* XmlSceneImporter.cpp */ = {isa = PBXFileReference; fileEncoding = 4; lastKnownFileType = sourcecode.cpp.cpp; name = XmlSceneImporter.cpp; path = ../Source/Scene/XmlSceneImporter.cpp; sourceTree = "<group>"; };
		F9D981E8243F0BA00028DD41 /* SceneMgr.cpp */ = {isa = PBXFileReference; fileEncoding = 4; lastKnownFileType = sourcecode.cpp.cpp; name = SceneMgr.cpp; path = ../Source/Scene/SceneMgr.cpp; sourceTree = "<group>"; };
		F9D981FB243F0BC10028DD41 /* RenderSprite.cpp */ = {isa = PBXFileReference; fileEncoding = 4; lastKnownFileType = sourcecode.cpp.cpp; name = RenderSprite.cpp; path = ../Source/Desktop/RenderSprite.cpp; sourceTree = "<group>"; };
		F9D981FC243F0BC10028DD41 /* RenderFont.cpp */ = {isa = PBXFileReference; fileEncoding = 4; lastKnownFileType = sourcecode.cpp.cpp; name = RenderFont.cpp; path = ../Source/Desktop/RenderFont.cpp; sourceTree = "<group>"; };
		F9D981FD243F0BC10028DD41 /* UIDefine.h */ = {isa = PBXFileReference; fileEncoding = 4; lastKnownFileType = sourcecode.c.h; name = UIDefine.h; path = ../Source/Desktop/UIDefine.h; sourceTree = "<group>"; };
		F9D981FE243F0BC10028DD41 /* DesktopGlobal.h */ = {isa = PBXFileReference; fileEncoding = 4; lastKnownFileType = sourcecode.c.h; name = DesktopGlobal.h; path = ../Source/Desktop/DesktopGlobal.h; sourceTree = "<group>"; };
		F9D981FF243F0BC10028DD41 /* DesktopMgr.cpp */ = {isa = PBXFileReference; fileEncoding = 4; lastKnownFileType = sourcecode.cpp.cpp; name = DesktopMgr.cpp; path = ../Source/Desktop/DesktopMgr.cpp; sourceTree = "<group>"; };
		F9D98200243F0BC10028DD41 /* RenderFont.h */ = {isa = PBXFileReference; fileEncoding = 4; lastKnownFileType = sourcecode.c.h; name = RenderFont.h; path = ../Source/Desktop/RenderFont.h; sourceTree = "<group>"; };
		F9D98201243F0BC10028DD41 /* IControlViewer.h */ = {isa = PBXFileReference; fileEncoding = 4; lastKnownFileType = sourcecode.c.h; name = IControlViewer.h; path = ../Source/Desktop/IControlViewer.h; sourceTree = "<group>"; };
		F9D98202243F0BC10028DD41 /* RenderImage.cpp */ = {isa = PBXFileReference; fileEncoding = 4; lastKnownFileType = sourcecode.cpp.cpp; name = RenderImage.cpp; path = ../Source/Desktop/RenderImage.cpp; sourceTree = "<group>"; };
		F9D98203243F0BC10028DD41 /* DesktopMgr.h */ = {isa = PBXFileReference; fileEncoding = 4; lastKnownFileType = sourcecode.c.h; name = DesktopMgr.h; path = ../Source/Desktop/DesktopMgr.h; sourceTree = "<group>"; };
		F9D98204243F0BC10028DD41 /* FontTextureManager.cpp */ = {isa = PBXFileReference; fileEncoding = 4; lastKnownFileType = sourcecode.cpp.cpp; name = FontTextureManager.cpp; path = ../Source/Desktop/FontTextureManager.cpp; sourceTree = "<group>"; };
		F9D98205243F0BC10028DD41 /* FontTextureManager.h */ = {isa = PBXFileReference; fileEncoding = 4; lastKnownFileType = sourcecode.c.h; name = FontTextureManager.h; path = ../Source/Desktop/FontTextureManager.h; sourceTree = "<group>"; };
		F9D98206243F0BC10028DD41 /* RenderSprite.h */ = {isa = PBXFileReference; fileEncoding = 4; lastKnownFileType = sourcecode.c.h; name = RenderSprite.h; path = ../Source/Desktop/RenderSprite.h; sourceTree = "<group>"; };
		F9D98207243F0BC10028DD41 /* RenderImage.h */ = {isa = PBXFileReference; fileEncoding = 4; lastKnownFileType = sourcecode.c.h; name = RenderImage.h; path = ../Source/Desktop/RenderImage.h; sourceTree = "<group>"; };
		F9D98216243F0BDC0028DD41 /* Button.cpp */ = {isa = PBXFileReference; fileEncoding = 4; lastKnownFileType = sourcecode.cpp.cpp; name = Button.cpp; path = ../Source/Desktop/UIObjects/Button.cpp; sourceTree = "<group>"; };
		F9D98217243F0BDC0028DD41 /* Slider.h */ = {isa = PBXFileReference; fileEncoding = 4; lastKnownFileType = sourcecode.c.h; name = Slider.h; path = ../Source/Desktop/UIObjects/Slider.h; sourceTree = "<group>"; };
		F9D98218243F0BDC0028DD41 /* Frame.h */ = {isa = PBXFileReference; fileEncoding = 4; lastKnownFileType = sourcecode.c.h; name = Frame.h; path = ../Source/Desktop/UIObjects/Frame.h; sourceTree = "<group>"; };
		F9D98219243F0BDC0028DD41 /* FontString.h */ = {isa = PBXFileReference; fileEncoding = 4; lastKnownFileType = sourcecode.c.h; name = FontString.h; path = ../Source/Desktop/UIObjects/FontString.h; sourceTree = "<group>"; };
		F9D9821A243F0BDC0028DD41 /* Texture.h */ = {isa = PBXFileReference; fileEncoding = 4; lastKnownFileType = sourcecode.c.h; name = Texture.h; path = ../Source/Desktop/UIObjects/Texture.h; sourceTree = "<group>"; };
		F9D9821B243F0BDC0028DD41 /* FontString.cpp */ = {isa = PBXFileReference; fileEncoding = 4; lastKnownFileType = sourcecode.cpp.cpp; name = FontString.cpp; path = ../Source/Desktop/UIObjects/FontString.cpp; sourceTree = "<group>"; };
		F9D9821C243F0BDC0028DD41 /* Frame.cpp */ = {isa = PBXFileReference; fileEncoding = 4; lastKnownFileType = sourcecode.cpp.cpp; name = Frame.cpp; path = ../Source/Desktop/UIObjects/Frame.cpp; sourceTree = "<group>"; };
		F9D9821D243F0BDC0028DD41 /* CheckButton.h */ = {isa = PBXFileReference; fileEncoding = 4; lastKnownFileType = sourcecode.c.h; name = CheckButton.h; path = ../Source/Desktop/UIObjects/CheckButton.h; sourceTree = "<group>"; };
		F9D9821E243F0BDC0028DD41 /* CheckButton.cpp */ = {isa = PBXFileReference; fileEncoding = 4; lastKnownFileType = sourcecode.cpp.cpp; name = CheckButton.cpp; path = ../Source/Desktop/UIObjects/CheckButton.cpp; sourceTree = "<group>"; };
		F9D9821F243F0BDC0028DD41 /* UIObject.h */ = {isa = PBXFileReference; fileEncoding = 4; lastKnownFileType = sourcecode.c.h; name = UIObject.h; path = ../Source/Desktop/UIObjects/UIObject.h; sourceTree = "<group>"; };
		F9D98220243F0BDC0028DD41 /* Slider.cpp */ = {isa = PBXFileReference; fileEncoding = 4; lastKnownFileType = sourcecode.cpp.cpp; name = Slider.cpp; path = ../Source/Desktop/UIObjects/Slider.cpp; sourceTree = "<group>"; };
		F9D98221243F0BDC0028DD41 /* Progress.cpp */ = {isa = PBXFileReference; fileEncoding = 4; lastKnownFileType = sourcecode.cpp.cpp; name = Progress.cpp; path = ../Source/Desktop/UIObjects/Progress.cpp; sourceTree = "<group>"; };
		F9D98222243F0BDC0028DD41 /* Button.h */ = {isa = PBXFileReference; fileEncoding = 4; lastKnownFileType = sourcecode.c.h; name = Button.h; path = ../Source/Desktop/UIObjects/Button.h; sourceTree = "<group>"; };
		F9D98223243F0BDD0028DD41 /* UIObject.cpp */ = {isa = PBXFileReference; fileEncoding = 4; lastKnownFileType = sourcecode.cpp.cpp; name = UIObject.cpp; path = ../Source/Desktop/UIObjects/UIObject.cpp; sourceTree = "<group>"; };
		F9D98224243F0BDD0028DD41 /* WorldFrame.h */ = {isa = PBXFileReference; fileEncoding = 4; lastKnownFileType = sourcecode.c.h; name = WorldFrame.h; path = ../Source/Desktop/UIObjects/WorldFrame.h; sourceTree = "<group>"; };
		F9D98225243F0BDD0028DD41 /* WorldFrame.cpp */ = {isa = PBXFileReference; fileEncoding = 4; lastKnownFileType = sourcecode.cpp.cpp; name = WorldFrame.cpp; path = ../Source/Desktop/UIObjects/WorldFrame.cpp; sourceTree = "<group>"; };
		F9D98226243F0BDD0028DD41 /* Texture.cpp */ = {isa = PBXFileReference; fileEncoding = 4; lastKnownFileType = sourcecode.cpp.cpp; name = Texture.cpp; path = ../Source/Desktop/UIObjects/Texture.cpp; sourceTree = "<group>"; };
		F9D98227243F0BDD0028DD41 /* Progress.h */ = {isa = PBXFileReference; fileEncoding = 4; lastKnownFileType = sourcecode.c.h; name = Progress.h; path = ../Source/Desktop/UIObjects/Progress.h; sourceTree = "<group>"; };
		F9D9823A243F104D0028DD41 /* libfreetype.a */ = {isa = PBXFileReference; explicitFileType = archive.ar; path = libfreetype.a; sourceTree = BUILT_PRODUCTS_DIR; };
		F9D9823C243F106F0028DD41 /* libFreeImage.a */ = {isa = PBXFileReference; explicitFileType = archive.ar; path = libFreeImage.a; sourceTree = BUILT_PRODUCTS_DIR; };
		F9F95FA52446F6AC0012DE8A /* MetalRenderPipeline.mm */ = {isa = PBXFileReference; fileEncoding = 4; lastKnownFileType = sourcecode.cpp.objcpp; name = MetalRenderPipeline.mm; path = ../Source/Render/Renderer/Metal/MetalRenderPipeline.mm; sourceTree = "<group>"; };
		F9F95FA62446F6AC0012DE8A /* MetalRenderPipeline.h */ = {isa = PBXFileReference; fileEncoding = 4; lastKnownFileType = sourcecode.c.h; name = MetalRenderPipeline.h; path = ../Source/Render/Renderer/Metal/MetalRenderPipeline.h; sourceTree = "<group>"; };
		F9F95FA72446F6AD0012DE8A /* MetalRenderCommand.h */ = {isa = PBXFileReference; fileEncoding = 4; lastKnownFileType = sourcecode.c.h; name = MetalRenderCommand.h; path = ../Source/Render/Renderer/Metal/MetalRenderCommand.h; sourceTree = "<group>"; };
		F9F95FA82446F6AD0012DE8A /* MetalRenderCommand.mm */ = {isa = PBXFileReference; fileEncoding = 4; lastKnownFileType = sourcecode.cpp.objcpp; name = MetalRenderCommand.mm; path = ../Source/Render/Renderer/Metal/MetalRenderCommand.mm; sourceTree = "<group>"; };
		F9F95FAD2446F6C00012DE8A /* RenderCommand.h */ = {isa = PBXFileReference; fileEncoding = 4; lastKnownFileType = sourcecode.c.h; name = RenderCommand.h; path = ../Source/Render/Renderer/RenderCommand.h; sourceTree = "<group>"; };
		F9F95FAE2446F6C00012DE8A /* RenderPipeline.h */ = {isa = PBXFileReference; fileEncoding = 4; lastKnownFileType = sourcecode.c.h; name = RenderPipeline.h; path = ../Source/Render/Renderer/RenderPipeline.h; sourceTree = "<group>"; };
/* End PBXFileReference section */

/* Begin PBXFrameworksBuildPhase section */
		F90BE5742435C21B0018A7F2 /* Frameworks */ = {
			isa = PBXFrameworksBuildPhase;
			buildActionMask = 2147483647;
			files = (
				F9D9823D243F106F0028DD41 /* libFreeImage.a in Frameworks */,
				F9D9823B243F104D0028DD41 /* libfreetype.a in Frameworks */,
			);
			runOnlyForDeploymentPostprocessing = 0;
		};
/* End PBXFrameworksBuildPhase section */

/* Begin PBXGroup section */
		F90BE56D2435C21B0018A7F2 = {
			isa = PBXGroup;
			children = (
				F97F83F0243734430002DFF0 /* Source */,
				F97F8492243C7CC20002DFF0 /* Frameworks */,
				F90BE5772435C21B0018A7F2 /* Products */,
			);
			sourceTree = "<group>";
		};
		F90BE5772435C21B0018A7F2 /* Products */ = {
			isa = PBXGroup;
			children = (
				F90BE5762435C21B0018A7F2 /* libEngine.a */,
			);
			name = Products;
			sourceTree = "<group>";
		};
		F97F83F0243734430002DFF0 /* Source */ = {
			isa = PBXGroup;
			children = (
				F9D981FA243F0BAA0028DD41 /* Desktop */,
				F9D981D7243F0B870028DD41 /* Scene */,
				F97F83F1243734740002DFF0 /* Core */,
				F97F84CA243D7E5F0002DFF0 /* Math */,
				F9D9811B243EFA850028DD41 /* Render */,
				F97F84BD243D7E460002DFF0 /* Utils */,
				F97F83E8243734400002DFF0 /* CompileConfig.h */,
				F97F8480243C507B0002DFF0 /* Pharos.h */,
				F97F83EA243734400002DFF0 /* PreCompile.h */,
				F97F8481243C507B0002DFF0 /* TypesDef.h */,
			);
			name = Source;
			sourceTree = "<group>";
		};
		F97F83F1243734740002DFF0 /* Core */ = {
			isa = PBXGroup;
			children = (
				F97F8490243C66500002DFF0 /* CoreGlobal.h */,
				F97F8484243C51FD0002DFF0 /* EventDefine.h */,
				C7398C1424B73A1C0092BF6E /* File.cpp */,
				C7398C1524B73A1C0092BF6E /* File.h */,
				F9D981BB243F06190028DD41 /* Font.cpp */,
				F9D981B7243F06180028DD41 /* Font.h */,
				F97F8485243C51FD0002DFF0 /* IApplication.h */,
				F9D981B4243F06180028DD41 /* Image.cpp */,
				F9D981BE243F06190028DD41 /* Image.h */,
				F97F84FE243DB4300002DFF0 /* Kernel.cpp */,
				F97F84FD243DB4300002DFF0 /* Kernel.h */,
				F97F842E243C2BD50002DFF0 /* main.mm */,
				F9D981C1243F06190028DD41 /* MemoryBuffer.cpp */,
				F9D981C3243F06190028DD41 /* MemoryBuffer.h */,
				C7398C1824B73A480092BF6E /* Package.cpp */,
				C7398C1924B73A480092BF6E /* Package.h */,
				F97F848C243C65870002DFF0 /* PlatformMacOS.h */,
				F97F848D243C65870002DFF0 /* PlatformMacOS.mm */,
				F9D981C4243F06190028DD41 /* Properties.cpp */,
				F9D981B6243F06180028DD41 /* Properties.h */,
				F9D981BC243F06190028DD41 /* ResBase.h */,
				F9D981BA243F06180028DD41 /* ResourceManager.cpp */,
				F9D981C2243F06190028DD41 /* ResourceManager.h */,
				F97F8499243C7E730002DFF0 /* Timer.cpp */,
				F97F849B243C7E740002DFF0 /* Timer.h */,
				F9D981B3243F06180028DD41 /* XmlAttribute.cpp */,
				F9D981B8243F06180028DD41 /* XmlAttribute.h */,
				F9D981B9243F06180028DD41 /* XmlDocument.cpp */,
				F9D981BF243F06190028DD41 /* XmlDocument.h */,
				F9D981C0243F06190028DD41 /* XmlNode.cpp */,
				F9D981B5243F06180028DD41 /* XmlNode.h */,
			);
			name = Core;
			sourceTree = "<group>";
		};
		F97F8492243C7CC20002DFF0 /* Frameworks */ = {
			isa = PBXGroup;
			children = (
				F9D9823C243F106F0028DD41 /* libFreeImage.a */,
				F9D9823A243F104D0028DD41 /* libfreetype.a */,
				F97F8495243C7CE60002DFF0 /* AppKit.framework */,
				F97F8493243C7CC20002DFF0 /* Cocoa.framework */,
			);
			name = Frameworks;
			sourceTree = "<group>";
		};
		F97F84BD243D7E460002DFF0 /* Utils */ = {
			isa = PBXGroup;
			children = (
				F97F84BF243D7E5A0002DFF0 /* Factory.h */,
				F97F84BE243D7E5A0002DFF0 /* Path.h */,
				F97F84C0243D7E5A0002DFF0 /* Singleton.h */,
				F97F84C1243D7E5A0002DFF0 /* Thread.h */,
				F97F84C2243D7E5A0002DFF0 /* Util.h */,
			);
			name = Utils;
			sourceTree = "<group>";
		};
		F97F84CA243D7E5F0002DFF0 /* Math */ = {
			isa = PBXGroup;
			children = (
				F97F84CF243D7E6E0002DFF0 /* AABBox3D.h */,
				F97F84CB243D7E6E0002DFF0 /* Color.h */,
				F97F84DA243D7E6E0002DFF0 /* Common.h */,
				F97F84CD243D7E6E0002DFF0 /* DualQuaternion.h */,
				F97F84DC243D7E6F0002DFF0 /* Frustum.h */,
				F97F84D6243D7E6E0002DFF0 /* Geometry.h */,
				F97F84D8243D7E6E0002DFF0 /* Line2D.h */,
				F97F84DB243D7E6F0002DFF0 /* Line3D.h */,
				F97F84D1243D7E6E0002DFF0 /* Matrix4.h */,
				F97F84D5243D7E6E0002DFF0 /* Plane3D.h */,
				F97F84D3243D7E6E0002DFF0 /* Point2D.h */,
				F97F84CE243D7E6E0002DFF0 /* Quaternion.h */,
				F97F84DD243D7E6F0002DFF0 /* Rect2D.h */,
				F97F84D7243D7E6E0002DFF0 /* Size2D.h */,
				F97F84D4243D7E6E0002DFF0 /* Triangle3D.h */,
				F97F84D0243D7E6E0002DFF0 /* Vector2D.h */,
				F97F84CC243D7E6E0002DFF0 /* Vector3D.h */,
				F97F84D9243D7E6E0002DFF0 /* Vector4D.h */,
			);
			name = Math;
			sourceTree = "<group>";
		};
		F9D9811B243EFA850028DD41 /* Render */ = {
			isa = PBXGroup;
			children = (
				F9D98120243EFB180028DD41 /* Renderer */,
				F9D98169243EFDAC0028DD41 /* Shader */,
				F9D9814A243EFCEF0028DD41 /* Animation.cpp */,
				F9D9813F243EFCEF0028DD41 /* Animation.h */,
				F9D98148243EFCEF0028DD41 /* IRenderCallback.h */,
				F9D98142243EFCEF0028DD41 /* Material.cpp */,
				F9D9814B243EFCEF0028DD41 /* Material.h */,
				F9D98143243EFCEF0028DD41 /* Mesh.cpp */,
				F9D98146243EFCEF0028DD41 /* Mesh.h */,
				F9D98141243EFCEF0028DD41 /* Model.cpp */,
				F9D98145243EFCEF0028DD41 /* Model.h */,
				F9D98144243EFCEF0028DD41 /* RenderDefine.h */,
				F9D98122243EFB560028DD41 /* RenderGlobal.h */,
				C7D05C2925ECE1BC0053CA02 /* RenderHelper.cpp */,
				C7D05C2825ECE1BC0053CA02 /* RenderHelper.h */,
				F9D98121243EFB560028DD41 /* RenderMgr.cpp */,
				F9D98123243EFB560028DD41 /* RenderMgr.h */,
				C7C6A11924754CF40001D9FF /* RenderObject.cpp */,
				C7C6A11A24754CF40001D9FF /* RenderObject.h */,
				F9D9813E243EFCEF0028DD41 /* Skeleton.cpp */,
				F9D98147243EFCEF0028DD41 /* Skeleton.h */,
				F9D98149243EFCEF0028DD41 /* VertexDefine.h */,
			);
			name = Render;
			sourceTree = "<group>";
		};
		F9D98120243EFB180028DD41 /* Renderer */ = {
			isa = PBXGroup;
			children = (
				F9D98127243EFCB70028DD41 /* Metal */,
				C7360A0F2590C2EA007D1BC9 /* RenderState.h */,
				F9D9812D243EFCD60028DD41 /* RenderBuffer.h */,
				F9F95FAD2446F6C00012DE8A /* RenderCommand.h */,
				F9D9812C243EFCD60028DD41 /* Renderer.h */,
				F9F95FAE2446F6C00012DE8A /* RenderPipeline.h */,
				C75C81112450242A00CCEE69 /* RenderProgram.h */,
				C7398C2224B73AA50092BF6E /* RenderResourceSet.h */,
				F9D9812F243EFCD70028DD41 /* RenderTarget.h */,
				F9D98130243EFCD70028DD41 /* RenderTexture.h */,
			);
			name = Renderer;
			sourceTree = "<group>";
		};
		F9D98127243EFCB70028DD41 /* Metal */ = {
			isa = PBXGroup;
			children = (
				C769A9452465514800C30621 /* IMetalCommandFactory.h */,
				F9D98195243EFF6B0028DD41 /* MetalRenderBuffer.h */,
				F9D9819E243EFF6B0028DD41 /* MetalRenderBuffer.mm */,
				F9F95FA72446F6AD0012DE8A /* MetalRenderCommand.h */,
				F9F95FA82446F6AD0012DE8A /* MetalRenderCommand.mm */,
				F9D9811D243EFB110028DD41 /* MetalRenderer.h */,
				F9D9811C243EFB110028DD41 /* MetalRenderer.mm */,
				F9F95FA62446F6AC0012DE8A /* MetalRenderPipeline.h */,
				F9F95FA52446F6AC0012DE8A /* MetalRenderPipeline.mm */,
				F9D98193243EFF6B0028DD41 /* MetalRenderTarget.h */,
				F9D98192243EFF6B0028DD41 /* MetalRenderTarget.mm */,
				F9D98190243EFF6B0028DD41 /* MetalRenderTexture.h */,
				F9D98196243EFF6B0028DD41 /* MetalRenderTexture.mm */,
				C7398C2824B73BA30092BF6E /* MetalResourceSet.h */,
				C7398C2924B73BA30092BF6E /* MetalResourceSet.mm */,
				F9D98199243EFF6B0028DD41 /* MetalShaderProgram.h */,
				F9D9818F243EFF6B0028DD41 /* MetalShaderProgram.mm */,
				C75C8117245ABBF300CCEE69 /* MetalUtils.h */,
				C769A94224654C3700C30621 /* MetalViewRenderTarget.h */,
				C769A94124654C3600C30621 /* MetalViewRenderTarget.mm */,
			);
			name = Metal;
			sourceTree = "<group>";
		};
		F9D98169243EFDAC0028DD41 /* Shader */ = {
			isa = PBXGroup;
			children = (
				F9D9816A243EFDB90028DD41 /* Metal */,
				C7300B5725DBC6140087F8BF /* Blinn.fxml */,
				C7300B5625DBC6140087F8BF /* BorderShine.fxml */,
				C7300B5825DBC6140087F8BF /* Lambert.fxml */,
				C7300B5525DBC6140087F8BF /* Phong.fxml */,
				C7398C3F24B7425F0092BF6E /* Skeletal.fxml */,
				C7398C4024B7425F0092BF6E /* Sprite3D.fxml */,
			);
			name = Shader;
			sourceTree = "<group>";
		};
		F9D9816A243EFDB90028DD41 /* Metal */ = {
			isa = PBXGroup;
			children = (
				C7300B5025DBC5F70087F8BF /* Blinn.metal */,
				C7300B4E25DBC5F70087F8BF /* Lambert.metal */,
				C7300B4F25DBC5F70087F8BF /* Phong.metal */,
				C7300B4B25DBC4150087F8BF /* BorderShine.metal */,
				C74F713925933E1300CC940F /* Copy.metal */,
				C74F713C25933E1300CC940F /* Font.metal */,
				C74F713A25933E1300CC940F /* Skeletal.metal */,
				C74F7144259340F900CC940F /* Sprite2D.metal */,
				C7398C4124B742D60092BF6E /* Sprite3D.metal */,
			);
			name = Metal;
			sourceTree = "<group>";
		};
		F9D981D7243F0B870028DD41 /* Scene */ = {
			isa = PBXGroup;
			children = (
				F9D981DA243F0BA00028DD41 /* GridNode.cpp */,
				F9D981E2243F0BA00028DD41 /* GridNode.h */,
				F9D981DB243F0BA00028DD41 /* OctreeScene.cpp */,
				F9D981E5243F0BA00028DD41 /* OctreeScene.h */,
				F9D981D9243F0BA00028DD41 /* SceneCamera.cpp */,
				F9D981E3243F0BA00028DD41 /* SceneCamera.h */,
				F9D981E1243F0BA00028DD41 /* SceneGlobal.h */,
				F9D981E0243F0BA00028DD41 /* SceneImporter.cpp */,
				F9D981E6243F0BA00028DD41 /* SceneImporter.h */,
				F9D981E8243F0BA00028DD41 /* SceneMgr.cpp */,
				F9D981D8243F0BA00028DD41 /* SceneMgr.h */,
				F9D981DC243F0BA00028DD41 /* SceneNode.cpp */,
				F9D981DD243F0BA00028DD41 /* SceneNode.h */,
				F9D981E4243F0BA00028DD41 /* TreeNode.cpp */,
				F9D981DE243F0BA00028DD41 /* TreeNode.h */,
				F9D981E7243F0BA00028DD41 /* XmlSceneImporter.cpp */,
				F9D981DF243F0BA00028DD41 /* XmlSceneImporter.h */,
			);
			name = Scene;
			sourceTree = "<group>";
		};
		F9D981FA243F0BAA0028DD41 /* Desktop */ = {
			isa = PBXGroup;
			children = (
				F9D98215243F0BCC0028DD41 /* UIObjects */,
				F9D981FE243F0BC10028DD41 /* DesktopGlobal.h */,
				F9D981FF243F0BC10028DD41 /* DesktopMgr.cpp */,
				F9D98203243F0BC10028DD41 /* DesktopMgr.h */,
				F9D98204243F0BC10028DD41 /* FontTextureManager.cpp */,
				F9D98205243F0BC10028DD41 /* FontTextureManager.h */,
				F9D98201243F0BC10028DD41 /* IControlViewer.h */,
				F9D981FC243F0BC10028DD41 /* RenderFont.cpp */,
				F9D98200243F0BC10028DD41 /* RenderFont.h */,
				F9D98202243F0BC10028DD41 /* RenderImage.cpp */,
				F9D98207243F0BC10028DD41 /* RenderImage.h */,
				F9D981FB243F0BC10028DD41 /* RenderSprite.cpp */,
				F9D98206243F0BC10028DD41 /* RenderSprite.h */,
				F9D981FD243F0BC10028DD41 /* UIDefine.h */,
			);
			name = Desktop;
			sourceTree = "<group>";
		};
		F9D98215243F0BCC0028DD41 /* UIObjects */ = {
			isa = PBXGroup;
			children = (
				F9D98216243F0BDC0028DD41 /* Button.cpp */,
				F9D98222243F0BDC0028DD41 /* Button.h */,
				F9D9821E243F0BDC0028DD41 /* CheckButton.cpp */,
				F9D9821D243F0BDC0028DD41 /* CheckButton.h */,
				F9D9821B243F0BDC0028DD41 /* FontString.cpp */,
				F9D98219243F0BDC0028DD41 /* FontString.h */,
				F9D9821C243F0BDC0028DD41 /* Frame.cpp */,
				F9D98218243F0BDC0028DD41 /* Frame.h */,
				F9D98221243F0BDC0028DD41 /* Progress.cpp */,
				F9D98227243F0BDD0028DD41 /* Progress.h */,
				F9D98220243F0BDC0028DD41 /* Slider.cpp */,
				F9D98217243F0BDC0028DD41 /* Slider.h */,
				F9D98226243F0BDD0028DD41 /* Texture.cpp */,
				F9D9821A243F0BDC0028DD41 /* Texture.h */,
				F9D98223243F0BDD0028DD41 /* UIObject.cpp */,
				F9D9821F243F0BDC0028DD41 /* UIObject.h */,
				F9D98225243F0BDD0028DD41 /* WorldFrame.cpp */,
				F9D98224243F0BDD0028DD41 /* WorldFrame.h */,
			);
			name = UIObjects;
			sourceTree = "<group>";
		};
/* End PBXGroup section */

/* Begin PBXHeadersBuildPhase section */
		F90BE5722435C21B0018A7F2 /* Headers */ = {
			isa = PBXHeadersBuildPhase;
			buildActionMask = 2147483647;
			files = (
				F97F84C6243D7E5A0002DFF0 /* Singleton.h in Headers */,
				F97F84FF243DB4300002DFF0 /* Kernel.h in Headers */,
				F9D981A7243EFF6C0028DD41 /* MetalRenderBuffer.h in Headers */,
				F97F8491243C66500002DFF0 /* CoreGlobal.h in Headers */,
				F9D981C7243F06190028DD41 /* XmlNode.h in Headers */,
				F9D98229243F0BDD0028DD41 /* Slider.h in Headers */,
				F9D981CE243F06190028DD41 /* ResBase.h in Headers */,
				F9D981F4243F0BA00028DD41 /* SceneCamera.h in Headers */,
				F97F84ED243D7E6F0002DFF0 /* Common.h in Headers */,
				C769A9462465514800C30621 /* IMetalCommandFactory.h in Headers */,
				F9D9820A243F0BC10028DD41 /* UIDefine.h in Headers */,
				F9D98210243F0BC10028DD41 /* DesktopMgr.h in Headers */,
				F9D9820E243F0BC10028DD41 /* IControlViewer.h in Headers */,
				F97F84E9243D7E6F0002DFF0 /* Geometry.h in Headers */,
				F9D9813B243EFCD70028DD41 /* RenderTexture.h in Headers */,
				F9D98137243EFCD70028DD41 /* Renderer.h in Headers */,
				F9D98231243F0BDD0028DD41 /* UIObject.h in Headers */,
				F9D981D4243F06190028DD41 /* ResourceManager.h in Headers */,
				F9D9815A243EFCEF0028DD41 /* Material.h in Headers */,
				F9D981C9243F06190028DD41 /* Font.h in Headers */,
				F9D981A5243EFF6C0028DD41 /* MetalRenderTarget.h in Headers */,
				F97F84E8243D7E6F0002DFF0 /* Plane3D.h in Headers */,
				F97F84E2243D7E6F0002DFF0 /* AABBox3D.h in Headers */,
				F9D981F3243F0BA00028DD41 /* GridNode.h in Headers */,
				F97F84E7243D7E6F0002DFF0 /* Triangle3D.h in Headers */,
				F97F84E1243D7E6F0002DFF0 /* Quaternion.h in Headers */,
				F9D9822B243F0BDD0028DD41 /* FontString.h in Headers */,
				F9D98138243EFCD70028DD41 /* RenderBuffer.h in Headers */,
				F9D98125243EFB560028DD41 /* RenderGlobal.h in Headers */,
				F9D98155243EFCEF0028DD41 /* Mesh.h in Headers */,
				C7360A102590C2EA007D1BC9 /* RenderState.h in Headers */,
				C769A94424654C3700C30621 /* MetalViewRenderTarget.h in Headers */,
				C7C6A11C24754CF40001D9FF /* RenderObject.h in Headers */,
				F97F8486243C51FD0002DFF0 /* EventDefine.h in Headers */,
				F9D9811F243EFB110028DD41 /* MetalRenderer.h in Headers */,
				F97F84EB243D7E6F0002DFF0 /* Line2D.h in Headers */,
				F9F95FAB2446F6AD0012DE8A /* MetalRenderCommand.h in Headers */,
				F9D981EE243F0BA00028DD41 /* SceneNode.h in Headers */,
				F9D981CA243F06190028DD41 /* XmlAttribute.h in Headers */,
				F9D981D0243F06190028DD41 /* Image.h in Headers */,
				F9D98158243EFCEF0028DD41 /* VertexDefine.h in Headers */,
				F9D981E9243F0BA00028DD41 /* SceneMgr.h in Headers */,
				F9D981EF243F0BA00028DD41 /* TreeNode.h in Headers */,
				F9D981F7243F0BA00028DD41 /* SceneImporter.h in Headers */,
				C7D05C2A25ECE1BC0053CA02 /* RenderHelper.h in Headers */,
				F9D9820B243F0BC10028DD41 /* DesktopGlobal.h in Headers */,
				C75C8118245ABBF300CCEE69 /* MetalUtils.h in Headers */,
				C7398C2324B73AA50092BF6E /* RenderResourceSet.h in Headers */,
				F9D9820D243F0BC10028DD41 /* RenderFont.h in Headers */,
				F9F95FAF2446F6C00012DE8A /* RenderCommand.h in Headers */,
				F97F84C5243D7E5A0002DFF0 /* Factory.h in Headers */,
				F9D9814E243EFCEF0028DD41 /* Animation.h in Headers */,
				F9D98156243EFCEF0028DD41 /* Skeleton.h in Headers */,
				F97F84EC243D7E6F0002DFF0 /* Vector4D.h in Headers */,
				F9D98154243EFCEF0028DD41 /* Model.h in Headers */,
				F9D981D1243F06190028DD41 /* XmlDocument.h in Headers */,
				F97F8483243C507B0002DFF0 /* TypesDef.h in Headers */,
				F9D981F6243F0BA00028DD41 /* OctreeScene.h in Headers */,
				F97F84DF243D7E6F0002DFF0 /* Vector3D.h in Headers */,
				F9D981D5243F06190028DD41 /* MemoryBuffer.h in Headers */,
				F9D98126243EFB560028DD41 /* RenderMgr.h in Headers */,
				F9D9822F243F0BDD0028DD41 /* CheckButton.h in Headers */,
				C7398C1724B73A1C0092BF6E /* File.h in Headers */,
				F9D98157243EFCEF0028DD41 /* IRenderCallback.h in Headers */,
				F9D981F0243F0BA00028DD41 /* XmlSceneImporter.h in Headers */,
				F97F84DE243D7E6F0002DFF0 /* Color.h in Headers */,
				F97F8482243C507B0002DFF0 /* Pharos.h in Headers */,
				F9F95FAA2446F6AD0012DE8A /* MetalRenderPipeline.h in Headers */,
				F97F83EC243734400002DFF0 /* CompileConfig.h in Headers */,
				F9D98213243F0BC10028DD41 /* RenderSprite.h in Headers */,
				F97F83EE243734400002DFF0 /* PreCompile.h in Headers */,
				F9D98234243F0BDD0028DD41 /* Button.h in Headers */,
				F97F84C8243D7E5A0002DFF0 /* Util.h in Headers */,
				F97F848E243C65880002DFF0 /* PlatformMacOS.h in Headers */,
				C7398C2A24B73BA30092BF6E /* MetalResourceSet.h in Headers */,
				F97F84F0243D7E6F0002DFF0 /* Rect2D.h in Headers */,
				F9D9813A243EFCD70028DD41 /* RenderTarget.h in Headers */,
				F97F84E4243D7E6F0002DFF0 /* Matrix4.h in Headers */,
				F9D981F2243F0BA00028DD41 /* SceneGlobal.h in Headers */,
				F97F84EE243D7E6F0002DFF0 /* Line3D.h in Headers */,
				F9D98239243F0BDD0028DD41 /* Progress.h in Headers */,
				F9D9822A243F0BDD0028DD41 /* Frame.h in Headers */,
				F9D981AB243EFF6C0028DD41 /* MetalShaderProgram.h in Headers */,
				F9D98153243EFCEF0028DD41 /* RenderDefine.h in Headers */,
				F97F84C4243D7E5A0002DFF0 /* Path.h in Headers */,
				C75C81122450242A00CCEE69 /* RenderProgram.h in Headers */,
				F9D9822C243F0BDD0028DD41 /* Texture.h in Headers */,
				F9D98214243F0BC10028DD41 /* RenderImage.h in Headers */,
				F9D981A2243EFF6C0028DD41 /* MetalRenderTexture.h in Headers */,
				F97F84A1243C7E740002DFF0 /* Timer.h in Headers */,
				F97F84EF243D7E6F0002DFF0 /* Frustum.h in Headers */,
				F9D98212243F0BC10028DD41 /* FontTextureManager.h in Headers */,
				F97F84C7243D7E5A0002DFF0 /* Thread.h in Headers */,
				F97F8487243C51FD0002DFF0 /* IApplication.h in Headers */,
				F97F84EA243D7E6F0002DFF0 /* Size2D.h in Headers */,
				F9D98236243F0BDD0028DD41 /* WorldFrame.h in Headers */,
				F97F84E3243D7E6F0002DFF0 /* Vector2D.h in Headers */,
				F9D981C8243F06190028DD41 /* Properties.h in Headers */,
				C7398C1B24B73A480092BF6E /* Package.h in Headers */,
				F97F84E0243D7E6F0002DFF0 /* DualQuaternion.h in Headers */,
				F97F84E6243D7E6F0002DFF0 /* Point2D.h in Headers */,
				F9F95FB02446F6C00012DE8A /* RenderPipeline.h in Headers */,
			);
			runOnlyForDeploymentPostprocessing = 0;
		};
/* End PBXHeadersBuildPhase section */

/* Begin PBXNativeTarget section */
		F90BE5752435C21B0018A7F2 /* Engine */ = {
			isa = PBXNativeTarget;
			buildConfigurationList = F90BE5812435C21B0018A7F2 /* Build configuration list for PBXNativeTarget "Engine" */;
			buildPhases = (
				F90BE5722435C21B0018A7F2 /* Headers */,
				F90BE5732435C21B0018A7F2 /* Sources */,
				F90BE5742435C21B0018A7F2 /* Frameworks */,
				F944EA602444276F00B6D702 /* ShellScript */,
			);
			buildRules = (
			);
			dependencies = (
			);
			name = Engine;
			productName = Engine;
			productReference = F90BE5762435C21B0018A7F2 /* libEngine.a */;
			productType = "com.apple.product-type.library.static";
		};
/* End PBXNativeTarget section */

/* Begin PBXProject section */
		F90BE56E2435C21B0018A7F2 /* Project object */ = {
			isa = PBXProject;
			attributes = {
				LastUpgradeCheck = 1010;
				ORGANIZATIONNAME = mindbrain;
				TargetAttributes = {
					F90BE5752435C21B0018A7F2 = {
						CreatedOnToolsVersion = 10.1;
					};
				};
			};
			buildConfigurationList = F90BE5712435C21B0018A7F2 /* Build configuration list for PBXProject "Engine.x86_64.macOS" */;
			compatibilityVersion = "Xcode 9.3";
			developmentRegion = en;
			hasScannedForEncodings = 0;
			knownRegions = (
				en,
				Base,
			);
			mainGroup = F90BE56D2435C21B0018A7F2;
			productRefGroup = F90BE5772435C21B0018A7F2 /* Products */;
			projectDirPath = "";
			projectRoot = "";
			targets = (
				F90BE5752435C21B0018A7F2 /* Engine */,
			);
		};
/* End PBXProject section */

/* Begin PBXShellScriptBuildPhase section */
		F944EA602444276F00B6D702 /* ShellScript */ = {
			isa = PBXShellScriptBuildPhase;
			buildActionMask = 2147483647;
			files = (
			);
			inputFileListPaths = (
			);
			inputPaths = (
			);
			outputFileListPaths = (
			);
			outputPaths = (
			);
			runOnlyForDeploymentPostprocessing = 0;
			shellPath = /bin/sh;
			shellScript = "MY_PROJECT_DIR=\"${PROJECT_DIR}/..\"\nSHADER_DIR=\"${MY_PROJECT_DIR}/Source/Render/Shader\"\nSRC_METAL_DIR=\"${SHADER_DIR}/Metal\"\nOUTPUT_DIR=\"${MY_PROJECT_DIR}/Data/Shader/\"\nmkdir ${OUTPUT_DIR}\n\nxcrun -sdk macosx metal -c ${SRC_METAL_DIR}/Sprite3D.metal -o ${PROJECT_TEMP_DIR}/Sprite3D.air \nxcrun -sdk macosx metallib -o ${OUTPUT_DIR}/Sprite3D.lib ${PROJECT_TEMP_DIR}/Sprite3D.air \ncp -r ${SHADER_DIR}/Sprite3D.fxml ${OUTPUT_DIR}/\n\nxcrun -sdk macosx metal -c ${SRC_METAL_DIR}/Skeletal.metal -o ${PROJECT_TEMP_DIR}/Skeletal.air \nxcrun -sdk macosx metallib -o ${OUTPUT_DIR}/Skeletal.lib ${PROJECT_TEMP_DIR}/Skeletal.air \ncp -r ${SHADER_DIR}/Skeletal.fxml ${OUTPUT_DIR}/\n\nxcrun -sdk macosx metal -c ${SRC_METAL_DIR}/BorderShine.metal -o ${PROJECT_TEMP_DIR}/BorderShine.air \nxcrun -sdk macosx metallib -o ${OUTPUT_DIR}/BorderShine.lib ${PROJECT_TEMP_DIR}/BorderShine.air \ncp -r ${SHADER_DIR}/BorderShine.fxml ${OUTPUT_DIR}/\n\nxcrun -sdk macosx metal -c ${SRC_METAL_DIR}/Blinn.metal -o ${PROJECT_TEMP_DIR}/Blinn.air \nxcrun -sdk macosx metallib -o ${OUTPUT_DIR}/Blinn.lib ${PROJECT_TEMP_DIR}/Blinn.air \ncp -r ${SHADER_DIR}/Blinn.fxml ${OUTPUT_DIR}/\n\nxcrun -sdk macosx metal -c ${SRC_METAL_DIR}/Copy.metal -o ${PROJECT_TEMP_DIR}/Copy.air \nxcrun -sdk macosx metallib -o ${OUTPUT_DIR}/Copy.lib ${PROJECT_TEMP_DIR}/Copy.air \n\nxcrun -sdk macosx metal -c ${SRC_METAL_DIR}/Sprite2D.metal -o ${PROJECT_TEMP_DIR}/Sprite2D.air \nxcrun -sdk macosx metallib -o ${OUTPUT_DIR}/Sprite2D.lib ${PROJECT_TEMP_DIR}/Sprite2D.air \n\nxcrun -sdk macosx metal -c ${SRC_METAL_DIR}/Font.metal -o ${PROJECT_TEMP_DIR}/Font.air \nxcrun -sdk macosx metallib -o ${OUTPUT_DIR}/Font.lib ${PROJECT_TEMP_DIR}/Font.air \n";
		};
/* End PBXShellScriptBuildPhase section */

/* Begin PBXSourcesBuildPhase section */
		F90BE5732435C21B0018A7F2 /* Sources */ = {
			isa = PBXSourcesBuildPhase;
			buildActionMask = 2147483647;
			files = (
				F9D98209243F0BC10028DD41 /* RenderFont.cpp in Sources */,
				F9D981EC243F0BA00028DD41 /* OctreeScene.cpp in Sources */,
				F9D9814D243EFCEF0028DD41 /* Skeleton.cpp in Sources */,
				C74F713E25933E1400CC940F /* Skeletal.metal in Sources */,
				F9D98211243F0BC10028DD41 /* FontTextureManager.cpp in Sources */,
				C7398C2B24B73BA30092BF6E /* MetalResourceSet.mm in Sources */,
				F9D98228243F0BDD0028DD41 /* Button.cpp in Sources */,
				F9D981F5243F0BA00028DD41 /* TreeNode.cpp in Sources */,
				F9D9811E243EFB110028DD41 /* MetalRenderer.mm in Sources */,
				C7300B5125DBC5F70087F8BF /* Lambert.metal in Sources */,
				F9D981D2243F06190028DD41 /* XmlNode.cpp in Sources */,
				C7398C4224B742D60092BF6E /* Sprite3D.metal in Sources */,
				F9D981B0243EFF6C0028DD41 /* MetalRenderBuffer.mm in Sources */,
				F9D981EA243F0BA00028DD41 /* SceneCamera.cpp in Sources */,
				F9D98124243EFB560028DD41 /* RenderMgr.cpp in Sources */,
				F9D981D6243F06190028DD41 /* Properties.cpp in Sources */,
				F97F848F243C65880002DFF0 /* PlatformMacOS.mm in Sources */,
				F9D98238243F0BDD0028DD41 /* Texture.cpp in Sources */,
				F9D981CB243F06190028DD41 /* XmlDocument.cpp in Sources */,
				F9D981CD243F06190028DD41 /* Font.cpp in Sources */,
				F9D98151243EFCEF0028DD41 /* Material.cpp in Sources */,
				F97F842F243C2BD50002DFF0 /* main.mm in Sources */,
				F9D981EB243F0BA00028DD41 /* GridNode.cpp in Sources */,
				F9D98152243EFCEF0028DD41 /* Mesh.cpp in Sources */,
				F9D98235243F0BDD0028DD41 /* UIObject.cpp in Sources */,
				C7300B5225DBC5F70087F8BF /* Phong.metal in Sources */,
				F9D98208243F0BC10028DD41 /* RenderSprite.cpp in Sources */,
				F9D981A4243EFF6C0028DD41 /* MetalRenderTarget.mm in Sources */,
				F9D981A1243EFF6C0028DD41 /* MetalShaderProgram.mm in Sources */,
				F9D981C6243F06190028DD41 /* Image.cpp in Sources */,
				F9D98230243F0BDD0028DD41 /* CheckButton.cpp in Sources */,
				C7398C1624B73A1C0092BF6E /* File.cpp in Sources */,
				F9D981C5243F06190028DD41 /* XmlAttribute.cpp in Sources */,
				F9D981A8243EFF6C0028DD41 /* MetalRenderTexture.mm in Sources */,
				C74F714025933E1400CC940F /* Font.metal in Sources */,
				F9D9822D243F0BDD0028DD41 /* FontString.cpp in Sources */,
				F9D9820F243F0BC10028DD41 /* RenderImage.cpp in Sources */,
				F9F95FA92446F6AD0012DE8A /* MetalRenderPipeline.mm in Sources */,
				F9D98232243F0BDD0028DD41 /* Slider.cpp in Sources */,
				F9D98233243F0BDD0028DD41 /* Progress.cpp in Sources */,
				C7300B5325DBC5F70087F8BF /* Blinn.metal in Sources */,
				C74F713D25933E1400CC940F /* Copy.metal in Sources */,
				F9D98237243F0BDD0028DD41 /* WorldFrame.cpp in Sources */,
				C7C6A11B24754CF40001D9FF /* RenderObject.cpp in Sources */,
				F9F95FAC2446F6AD0012DE8A /* MetalRenderCommand.mm in Sources */,
				C769A94324654C3700C30621 /* MetalViewRenderTarget.mm in Sources */,
				F9D9820C243F0BC10028DD41 /* DesktopMgr.cpp in Sources */,
				F9D981F1243F0BA00028DD41 /* SceneImporter.cpp in Sources */,
				F9D981F9243F0BA00028DD41 /* SceneMgr.cpp in Sources */,
				C7398C1A24B73A480092BF6E /* Package.cpp in Sources */,
				C7D05C2B25ECE1BC0053CA02 /* RenderHelper.cpp in Sources */,
				C74F7145259340F900CC940F /* Sprite2D.metal in Sources */,
				F9D981ED243F0BA00028DD41 /* SceneNode.cpp in Sources */,
				F9D98159243EFCEF0028DD41 /* Animation.cpp in Sources */,
				F9D98150243EFCEF0028DD41 /* Model.cpp in Sources */,
				F97F8500243DB4300002DFF0 /* Kernel.cpp in Sources */,
				F9D981F8243F0BA00028DD41 /* XmlSceneImporter.cpp in Sources */,
				F9D981D3243F06190028DD41 /* MemoryBuffer.cpp in Sources */,
				F97F849F243C7E740002DFF0 /* Timer.cpp in Sources */,
				F9D9822E243F0BDD0028DD41 /* Frame.cpp in Sources */,
				F9D981CC243F06190028DD41 /* ResourceManager.cpp in Sources */,
				C7300B4C25DBC4150087F8BF /* BorderShine.metal in Sources */,
			);
			runOnlyForDeploymentPostprocessing = 0;
		};
/* End PBXSourcesBuildPhase section */

/* Begin XCBuildConfiguration section */
		F90BE57F2435C21B0018A7F2 /* Debug */ = {
			isa = XCBuildConfiguration;
			buildSettings = {
				ALWAYS_SEARCH_USER_PATHS = NO;
				CLANG_ANALYZER_NONNULL = YES;
				CLANG_ANALYZER_NUMBER_OBJECT_CONVERSION = YES_AGGRESSIVE;
				CLANG_CXX_LANGUAGE_STANDARD = "gnu++14";
				CLANG_CXX_LIBRARY = "libc++";
				CLANG_ENABLE_MODULES = YES;
				CLANG_ENABLE_OBJC_ARC = YES;
				CLANG_ENABLE_OBJC_WEAK = YES;
				CLANG_WARN_BLOCK_CAPTURE_AUTORELEASING = YES;
				CLANG_WARN_BOOL_CONVERSION = YES;
				CLANG_WARN_COMMA = YES;
				CLANG_WARN_CONSTANT_CONVERSION = YES;
				CLANG_WARN_DEPRECATED_OBJC_IMPLEMENTATIONS = YES;
				CLANG_WARN_DIRECT_OBJC_ISA_USAGE = YES_ERROR;
				CLANG_WARN_DOCUMENTATION_COMMENTS = YES;
				CLANG_WARN_EMPTY_BODY = YES;
				CLANG_WARN_ENUM_CONVERSION = YES;
				CLANG_WARN_INFINITE_RECURSION = YES;
				CLANG_WARN_INT_CONVERSION = YES;
				CLANG_WARN_NON_LITERAL_NULL_CONVERSION = YES;
				CLANG_WARN_OBJC_IMPLICIT_RETAIN_SELF = YES;
				CLANG_WARN_OBJC_LITERAL_CONVERSION = YES;
				CLANG_WARN_OBJC_ROOT_CLASS = YES_ERROR;
				CLANG_WARN_RANGE_LOOP_ANALYSIS = YES;
				CLANG_WARN_STRICT_PROTOTYPES = YES;
				CLANG_WARN_SUSPICIOUS_MOVE = YES;
				CLANG_WARN_UNGUARDED_AVAILABILITY = YES_AGGRESSIVE;
				CLANG_WARN_UNREACHABLE_CODE = YES;
				CLANG_WARN__DUPLICATE_METHOD_MATCH = YES;
				CODE_SIGN_IDENTITY = "Mac Developer";
				COPY_PHASE_STRIP = NO;
				DEBUG_INFORMATION_FORMAT = dwarf;
				ENABLE_STRICT_OBJC_MSGSEND = YES;
				ENABLE_TESTABILITY = YES;
				GCC_C_LANGUAGE_STANDARD = gnu11;
				GCC_DYNAMIC_NO_PIC = NO;
				GCC_NO_COMMON_BLOCKS = YES;
				GCC_OPTIMIZATION_LEVEL = 0;
				GCC_PREPROCESSOR_DEFINITIONS = (
					"DEBUG=1",
					"$(inherited)",
				);
				GCC_WARN_64_TO_32_BIT_CONVERSION = YES;
				GCC_WARN_ABOUT_RETURN_TYPE = YES_ERROR;
				GCC_WARN_UNDECLARED_SELECTOR = YES;
				GCC_WARN_UNINITIALIZED_AUTOS = YES_AGGRESSIVE;
				GCC_WARN_UNUSED_FUNCTION = YES;
				GCC_WARN_UNUSED_VARIABLE = YES;
				MACOSX_DEPLOYMENT_TARGET = 10.14;
				MTL_ENABLE_DEBUG_INFO = INCLUDE_SOURCE;
				MTL_FAST_MATH = YES;
				ONLY_ACTIVE_ARCH = YES;
				SDKROOT = macosx;
			};
			name = Debug;
		};
		F90BE5802435C21B0018A7F2 /* Release */ = {
			isa = XCBuildConfiguration;
			buildSettings = {
				ALWAYS_SEARCH_USER_PATHS = NO;
				CLANG_ANALYZER_NONNULL = YES;
				CLANG_ANALYZER_NUMBER_OBJECT_CONVERSION = YES_AGGRESSIVE;
				CLANG_CXX_LANGUAGE_STANDARD = "gnu++14";
				CLANG_CXX_LIBRARY = "libc++";
				CLANG_ENABLE_MODULES = YES;
				CLANG_ENABLE_OBJC_ARC = YES;
				CLANG_ENABLE_OBJC_WEAK = YES;
				CLANG_WARN_BLOCK_CAPTURE_AUTORELEASING = YES;
				CLANG_WARN_BOOL_CONVERSION = YES;
				CLANG_WARN_COMMA = YES;
				CLANG_WARN_CONSTANT_CONVERSION = YES;
				CLANG_WARN_DEPRECATED_OBJC_IMPLEMENTATIONS = YES;
				CLANG_WARN_DIRECT_OBJC_ISA_USAGE = YES_ERROR;
				CLANG_WARN_DOCUMENTATION_COMMENTS = YES;
				CLANG_WARN_EMPTY_BODY = YES;
				CLANG_WARN_ENUM_CONVERSION = YES;
				CLANG_WARN_INFINITE_RECURSION = YES;
				CLANG_WARN_INT_CONVERSION = YES;
				CLANG_WARN_NON_LITERAL_NULL_CONVERSION = YES;
				CLANG_WARN_OBJC_IMPLICIT_RETAIN_SELF = YES;
				CLANG_WARN_OBJC_LITERAL_CONVERSION = YES;
				CLANG_WARN_OBJC_ROOT_CLASS = YES_ERROR;
				CLANG_WARN_RANGE_LOOP_ANALYSIS = YES;
				CLANG_WARN_STRICT_PROTOTYPES = YES;
				CLANG_WARN_SUSPICIOUS_MOVE = YES;
				CLANG_WARN_UNGUARDED_AVAILABILITY = YES_AGGRESSIVE;
				CLANG_WARN_UNREACHABLE_CODE = YES;
				CLANG_WARN__DUPLICATE_METHOD_MATCH = YES;
				CODE_SIGN_IDENTITY = "Mac Developer";
				COPY_PHASE_STRIP = NO;
				DEBUG_INFORMATION_FORMAT = "dwarf-with-dsym";
				ENABLE_NS_ASSERTIONS = NO;
				ENABLE_STRICT_OBJC_MSGSEND = YES;
				GCC_C_LANGUAGE_STANDARD = gnu11;
				GCC_NO_COMMON_BLOCKS = YES;
				GCC_WARN_64_TO_32_BIT_CONVERSION = YES;
				GCC_WARN_ABOUT_RETURN_TYPE = YES_ERROR;
				GCC_WARN_UNDECLARED_SELECTOR = YES;
				GCC_WARN_UNINITIALIZED_AUTOS = YES_AGGRESSIVE;
				GCC_WARN_UNUSED_FUNCTION = YES;
				GCC_WARN_UNUSED_VARIABLE = YES;
				MACOSX_DEPLOYMENT_TARGET = 10.14;
				MTL_ENABLE_DEBUG_INFO = NO;
				MTL_FAST_MATH = YES;
				SDKROOT = macosx;
			};
			name = Release;
		};
		F90BE5822435C21B0018A7F2 /* Debug */ = {
			isa = XCBuildConfiguration;
			buildSettings = {
				ALWAYS_SEARCH_USER_PATHS = YES;
				CODE_SIGN_STYLE = Automatic;
				DEVELOPMENT_TEAM = Q9K3JMNPJ8;
				EXECUTABLE_PREFIX = lib;
				GCC_ENABLE_CPP_EXCEPTIONS = YES;
				GCC_ENABLE_CPP_RTTI = YES;
				HEADER_SEARCH_PATHS = (
					"../External/FreeImage-3.17.0/Include",
					"../External/libpng-1.6.29/Source",
					"../External/libjpeg-9b/Source",
					"../External/freetype-2.8/Include",
					"../External/zlib-1.2.11/Source",
					../External/rapidXml,
					../External/rapidjson,
					../External/dlmalloc,
				);
				PRODUCT_NAME = "$(TARGET_NAME)";
				SKIP_INSTALL = YES;
			};
			name = Debug;
		};
		F90BE5832435C21B0018A7F2 /* Release */ = {
			isa = XCBuildConfiguration;
			buildSettings = {
				ALWAYS_SEARCH_USER_PATHS = YES;
				CODE_SIGN_STYLE = Automatic;
				DEVELOPMENT_TEAM = Q9K3JMNPJ8;
				EXECUTABLE_PREFIX = lib;
				GCC_ENABLE_CPP_EXCEPTIONS = YES;
				GCC_ENABLE_CPP_RTTI = YES;
				HEADER_SEARCH_PATHS = (
					"../External/FreeImage-3.17.0/Include",
					"../External/libpng-1.6.29/Source",
					"../External/libjpeg-9b/Source",
					"../External/freetype-2.8/Include",
					"../External/zlib-1.2.11/Source",
					../External/rapidXml,
					../External/rapidjson,
					../External/dlmalloc,
				);
				PRODUCT_NAME = "$(TARGET_NAME)";
				SKIP_INSTALL = YES;
			};
			name = Release;
		};
/* End XCBuildConfiguration section */

/* Begin XCConfigurationList section */
		F90BE5712435C21B0018A7F2 /* Build configuration list for PBXProject "Engine.x86_64.macOS" */ = {
			isa = XCConfigurationList;
			buildConfigurations = (
				F90BE57F2435C21B0018A7F2 /* Debug */,
				F90BE5802435C21B0018A7F2 /* Release */,
			);
			defaultConfigurationIsVisible = 0;
			defaultConfigurationName = Release;
		};
		F90BE5812435C21B0018A7F2 /* Build configuration list for PBXNativeTarget "Engine" */ = {
			isa = XCConfigurationList;
			buildConfigurations = (
				F90BE5822435C21B0018A7F2 /* Debug */,
				F90BE5832435C21B0018A7F2 /* Release */,
			);
			defaultConfigurationIsVisible = 0;
			defaultConfigurationName = Release;
		};
/* End XCConfigurationList section */
	};
	rootObject = F90BE56E2435C21B0018A7F2 /* Project object */;
}
